PODS:
  - CocoaAsyncSocket (7.5.1):
    - CocoaAsyncSocket/GCD (= 7.5.1)
  - CocoaAsyncSocket/GCD (7.5.1)
  - FrameLayoutKit (4.4.2)
  - NHNetworkTime (1.7):
    - CocoaAsyncSocket (~> 7.5.0)
  - NKModalViewManager (3.5.3)
  - Sentry (5.1.4):
    - Sentry/Core (= 5.1.4)
  - Sentry/Core (5.1.4)

DEPENDENCIES:
  - FrameLayoutKit
  - NHNetworkTime
  - NKModalViewManager
  - Sentry

SPEC REPOS:
  trunk:
    - CocoaAsyncSocket
    - FrameLayoutKit
    - NHNetworkTime
    - NKModalViewManager
    - Sentry

SPEC CHECKSUMS:
  CocoaAsyncSocket: e0a7e93b2ffa411592ff87e58524fbbc9b95b4fa
  FrameLayoutKit: cf38ac8373dc577fa47b616bb7966f0d7857d83d
  NHNetworkTime: b140ee21770aed41e7b8fd43647bce6349ad10f2
  NKModalViewManager: aa52c0abdc2633b1ed3464baeb65dabfa9785dc3
  Sentry: 74f2ad93a20a5567a1badaedf5b3f60b142ad082

PODFILE CHECKSUM: dfffb22a1bf2db1b91c776b75d81a68b860d33dc

COCOAPODS: 1.9.3
