PODS:
  - CocoaAsyncSocket (7.5.1):
    - CocoaAsyncSocket/GCD (= 7.5.1)
  - CocoaAsyncSocket/GCD (7.5.1)
  - FrameLayoutKit (4.4.0)
  - NHNetworkTime (1.7):
    - CocoaAsyncSocket (~> 7.5.0)
  - NKModalViewManager (3.5.3)
  - Sentry (5.0.4):
    - Sentry/Core (= 5.0.4)
  - Sentry/Core (5.0.4)

DEPENDENCIES:
  - FrameLayoutKit
  - NHNetworkTime
  - NKModalViewManager
  - Sentry

SPEC REPOS:
  trunk:
    - CocoaAsyncSocket
    - FrameLayoutKit
    - NHNetworkTime
    - NKModalViewManager
    - Sentry

SPEC CHECKSUMS:
  CocoaAsyncSocket: e0a7e93b2ffa411592ff87e58524fbbc9b95b4fa
  FrameLayoutKit: 870379391e36fd3b9ef3a628d60f73bb3a24b0d2
  NHNetworkTime: b140ee21770aed41e7b8fd43647bce6349ad10f2
  NKModalViewManager: aa52c0abdc2633b1ed3464baeb65dabfa9785dc3
  Sentry: 4531afa474771d2c21c2605f05125cd1dc36a072

PODFILE CHECKSUM: dfffb22a1bf2db1b91c776b75d81a68b860d33dc

COCOAPODS: 1.9.1
