// !$*UTF8*$!
{
	archiveVersion = 1;
	classes = {
	};
	objectVersion = 51;
	objects = {

/* Begin PBXBuildFile section */
		63FD93342420DA30001B7A48 /* AppDelegate.swift in Sources */ = {isa = PBXBuildFile; fileRef = 63FD93332420DA30001B7A48 /* AppDelegate.swift */; };
		63FD93382420DA30001B7A48 /* ViewController.swift in Sources */ = {isa = PBXBuildFile; fileRef = 63FD93372420DA30001B7A48 /* ViewController.swift */; };
		63FD933D2420DA32001B7A48 /* Assets.xcassets in Resources */ = {isa = PBXBuildFile; fileRef = 63FD933C2420DA32001B7A48 /* Assets.xcassets */; };
		63FD93402420DA32001B7A48 /* LaunchScreen.storyboard in Resources */ = {isa = PBXBuildFile; fileRef = 63FD933E2420DA32001B7A48 /* LaunchScreen.storyboard */; };
		63FD93472420DD25001B7A48 /* ExternalAccessory.framework in Frameworks */ = {isa = PBXBuildFile; fileRef = 63FD93462420DD25001B7A48 /* ExternalAccessory.framework */; };
		A5D29B34DC8D129D4F27876B /* Pods_UZPlayerExample.framework in Frameworks */ = {isa = PBXBuildFile; fileRef = F14552486BC585D144D62FA4 /* Pods_UZPlayerExample.framework */; };
/* End PBXBuildFile section */

/* Begin PBXFileReference section */
		476C9AF34D933783280476F6 /* Pods-UZPlayerExample.release.xcconfig */ = {isa = PBXFileReference; includeInIndex = 1; lastKnownFileType = text.xcconfig; name = "Pods-UZPlayerExample.release.xcconfig"; path = "Target Support Files/Pods-UZPlayerExample/Pods-UZPlayerExample.release.xcconfig"; sourceTree = "<group>"; };
		63FD93312420DA30001B7A48 /* UZPlayerExample.app */ = {isa = PBXFileReference; explicitFileType = wrapper.application; includeInIndex = 0; path = UZPlayerExample.app; sourceTree = BUILT_PRODUCTS_DIR; };
		63FD93332420DA30001B7A48 /* AppDelegate.swift */ = {isa = PBXFileReference; lastKnownFileType = sourcecode.swift; path = AppDelegate.swift; sourceTree = "<group>"; };
		63FD93372420DA30001B7A48 /* ViewController.swift */ = {isa = PBXFileReference; lastKnownFileType = sourcecode.swift; path = ViewController.swift; sourceTree = "<group>"; };
		63FD933C2420DA32001B7A48 /* Assets.xcassets */ = {isa = PBXFileReference; lastKnownFileType = folder.assetcatalog; path = Assets.xcassets; sourceTree = "<group>"; };
		63FD933F2420DA32001B7A48 /* Base */ = {isa = PBXFileReference; lastKnownFileType = file.storyboard; name = Base; path = Base.lproj/LaunchScreen.storyboard; sourceTree = "<group>"; };
		63FD93412420DA32001B7A48 /* Info.plist */ = {isa = PBXFileReference; lastKnownFileType = text.plist.xml; path = Info.plist; sourceTree = "<group>"; };
		63FD93452420DD25001B7A48 /* UZPlayerExample.entitlements */ = {isa = PBXFileReference; lastKnownFileType = text.plist.entitlements; path = UZPlayerExample.entitlements; sourceTree = "<group>"; };
		63FD93462420DD25001B7A48 /* ExternalAccessory.framework */ = {isa = PBXFileReference; lastKnownFileType = wrapper.framework; name = ExternalAccessory.framework; path = System/Library/Frameworks/ExternalAccessory.framework; sourceTree = SDKROOT; };
		7B44728AF8720DD46B03F511 /* Pods-UZPlayerExample.debug.xcconfig */ = {isa = PBXFileReference; includeInIndex = 1; lastKnownFileType = text.xcconfig; name = "Pods-UZPlayerExample.debug.xcconfig"; path = "Target Support Files/Pods-UZPlayerExample/Pods-UZPlayerExample.debug.xcconfig"; sourceTree = "<group>"; };
		F14552486BC585D144D62FA4 /* Pods_UZPlayerExample.framework */ = {isa = PBXFileReference; explicitFileType = wrapper.framework; includeInIndex = 0; path = Pods_UZPlayerExample.framework; sourceTree = BUILT_PRODUCTS_DIR; };
/* End PBXFileReference section */

/* Begin PBXFrameworksBuildPhase section */
		63FD932E2420DA30001B7A48 /* Frameworks */ = {
			isa = PBXFrameworksBuildPhase;
			buildActionMask = 2147483647;
			files = (
				63FD93472420DD25001B7A48 /* ExternalAccessory.framework in Frameworks */,
				A5D29B34DC8D129D4F27876B /* Pods_UZPlayerExample.framework in Frameworks */,
			);
			runOnlyForDeploymentPostprocessing = 0;
		};
/* End PBXFrameworksBuildPhase section */

/* Begin PBXGroup section */
		0FFEB2460EB243C16EEE8983 /* Frameworks */ = {
			isa = PBXGroup;
			children = (
				63FD93462420DD25001B7A48 /* ExternalAccessory.framework */,
				F14552486BC585D144D62FA4 /* Pods_UZPlayerExample.framework */,
			);
			name = Frameworks;
			sourceTree = "<group>";
		};
		63FD9176241D03FA001B7A48 = {
			isa = PBXGroup;
			children = (
				63FD93322420DA30001B7A48 /* UZPlayerExample */,
				63FD9181241D03FA001B7A48 /* Products */,
				B6E3928F9BD8689C4935D684 /* Pods */,
				0FFEB2460EB243C16EEE8983 /* Frameworks */,
			);
			sourceTree = "<group>";
		};
		63FD9181241D03FA001B7A48 /* Products */ = {
			isa = PBXGroup;
			children = (
				63FD93312420DA30001B7A48 /* UZPlayerExample.app */,
			);
			name = Products;
			sourceTree = "<group>";
		};
		63FD93322420DA30001B7A48 /* UZPlayerExample */ = {
			isa = PBXGroup;
			children = (
				63FD93452420DD25001B7A48 /* UZPlayerExample.entitlements */,
				63FD93332420DA30001B7A48 /* AppDelegate.swift */,
				63FD93372420DA30001B7A48 /* ViewController.swift */,
				63FD933C2420DA32001B7A48 /* Assets.xcassets */,
				63FD933E2420DA32001B7A48 /* LaunchScreen.storyboard */,
				63FD93412420DA32001B7A48 /* Info.plist */,
			);
			path = UZPlayerExample;
			sourceTree = "<group>";
		};
		B6E3928F9BD8689C4935D684 /* Pods */ = {
			isa = PBXGroup;
			children = (
				7B44728AF8720DD46B03F511 /* Pods-UZPlayerExample.debug.xcconfig */,
				476C9AF34D933783280476F6 /* Pods-UZPlayerExample.release.xcconfig */,
			);
			path = Pods;
			sourceTree = "<group>";
		};
/* End PBXGroup section */

/* Begin PBXNativeTarget section */
		63FD93302420DA30001B7A48 /* UZPlayerExample */ = {
			isa = PBXNativeTarget;
			buildConfigurationList = 63FD93442420DA32001B7A48 /* Build configuration list for PBXNativeTarget "UZPlayerExample" */;
			buildPhases = (
				756D94CF0F938145E7779639 /* [CP] Check Pods Manifest.lock */,
				63FD932D2420DA30001B7A48 /* Sources */,
				63FD932E2420DA30001B7A48 /* Frameworks */,
				63FD932F2420DA30001B7A48 /* Resources */,
				F5C0B00DD2FA6CCEFF23B00E /* [CP] Embed Pods Frameworks */,
			);
			buildRules = (
			);
			dependencies = (
			);
			name = UZPlayerExample;
			productName = UZPlayerExample;
			productReference = 63FD93312420DA30001B7A48 /* UZPlayerExample.app */;
			productType = "com.apple.product-type.application";
		};
/* End PBXNativeTarget section */

/* Begin PBXProject section */
		63FD9177241D03FA001B7A48 /* Project object */ = {
			isa = PBXProject;
			attributes = {
				LastSwiftUpdateCheck = 1130;
				LastUpgradeCheck = 1130;
				ORGANIZATIONNAME = "Nam Kennic";
				TargetAttributes = {
					63FD93302420DA30001B7A48 = {
						CreatedOnToolsVersion = 11.3.1;
					};
				};
			};
			buildConfigurationList = 63FD917A241D03FA001B7A48 /* Build configuration list for PBXProject "UZPlayerExample" */;
			compatibilityVersion = "Xcode 9.3";
			developmentRegion = en;
			hasScannedForEncodings = 0;
			knownRegions = (
				en,
				Base,
			);
			mainGroup = 63FD9176241D03FA001B7A48;
			productRefGroup = 63FD9181241D03FA001B7A48 /* Products */;
			projectDirPath = "";
			projectRoot = "";
			targets = (
				63FD93302420DA30001B7A48 /* UZPlayerExample */,
			);
		};
/* End PBXProject section */

/* Begin PBXResourcesBuildPhase section */
		63FD932F2420DA30001B7A48 /* Resources */ = {
			isa = PBXResourcesBuildPhase;
			buildActionMask = 2147483647;
			files = (
				63FD93402420DA32001B7A48 /* LaunchScreen.storyboard in Resources */,
				63FD933D2420DA32001B7A48 /* Assets.xcassets in Resources */,
			);
			runOnlyForDeploymentPostprocessing = 0;
		};
/* End PBXResourcesBuildPhase section */

/* Begin PBXShellScriptBuildPhase section */
		756D94CF0F938145E7779639 /* [CP] Check Pods Manifest.lock */ = {
			isa = PBXShellScriptBuildPhase;
			buildActionMask = 2147483647;
			files = (
			);
			inputFileListPaths = (
			);
			inputPaths = (
				"${PODS_PODFILE_DIR_PATH}/Podfile.lock",
				"${PODS_ROOT}/Manifest.lock",
			);
			name = "[CP] Check Pods Manifest.lock";
			outputFileListPaths = (
			);
			outputPaths = (
				"$(DERIVED_FILE_DIR)/Pods-UZPlayerExample-checkManifestLockResult.txt",
			);
			runOnlyForDeploymentPostprocessing = 0;
			shellPath = /bin/sh;
			shellScript = "diff \"${PODS_PODFILE_DIR_PATH}/Podfile.lock\" \"${PODS_ROOT}/Manifest.lock\" > /dev/null\nif [ $? != 0 ] ; then\n    # print error to STDERR\n    echo \"error: The sandbox is not in sync with the Podfile.lock. Run 'pod install' or update your CocoaPods installation.\" >&2\n    exit 1\nfi\n# This output is used by Xcode 'outputs' to avoid re-running this script phase.\necho \"SUCCESS\" > \"${SCRIPT_OUTPUT_FILE_0}\"\n";
			showEnvVarsInLog = 0;
		};
		F5C0B00DD2FA6CCEFF23B00E /* [CP] Embed Pods Frameworks */ = {
			isa = PBXShellScriptBuildPhase;
			buildActionMask = 2147483647;
			files = (
			);
			inputFileListPaths = (
				"${PODS_ROOT}/Target Support Files/Pods-UZPlayerExample/Pods-UZPlayerExample-frameworks-${CONFIGURATION}-input-files.xcfilelist",
			);
			name = "[CP] Embed Pods Frameworks";
			outputFileListPaths = (
				"${PODS_ROOT}/Target Support Files/Pods-UZPlayerExample/Pods-UZPlayerExample-frameworks-${CONFIGURATION}-output-files.xcfilelist",
			);
			runOnlyForDeploymentPostprocessing = 0;
			shellPath = /bin/sh;
			shellScript = "\"${PODS_ROOT}/Target Support Files/Pods-UZPlayerExample/Pods-UZPlayerExample-frameworks.sh\"\n";
			showEnvVarsInLog = 0;
		};
/* End PBXShellScriptBuildPhase section */

/* Begin PBXSourcesBuildPhase section */
		63FD932D2420DA30001B7A48 /* Sources */ = {
			isa = PBXSourcesBuildPhase;
			buildActionMask = 2147483647;
			files = (
				63FD93382420DA30001B7A48 /* ViewController.swift in Sources */,
				63FD93342420DA30001B7A48 /* AppDelegate.swift in Sources */,
			);
			runOnlyForDeploymentPostprocessing = 0;
		};
/* End PBXSourcesBuildPhase section */

/* Begin PBXVariantGroup section */
		63FD933E2420DA32001B7A48 /* LaunchScreen.storyboard */ = {
			isa = PBXVariantGroup;
			children = (
				63FD933F2420DA32001B7A48 /* Base */,
			);
			name = LaunchScreen.storyboard;
			sourceTree = "<group>";
		};
/* End PBXVariantGroup section */

/* Begin XCBuildConfiguration section */
		63FD9186241D03FA001B7A48 /* Debug */ = {
			isa = XCBuildConfiguration;
			buildSettings = {
				ALWAYS_SEARCH_USER_PATHS = NO;
				CLANG_ANALYZER_NONNULL = YES;
				CLANG_ANALYZER_NUMBER_OBJECT_CONVERSION = YES_AGGRESSIVE;
				CLANG_CXX_LANGUAGE_STANDARD = "gnu++14";
				CLANG_CXX_LIBRARY = "libc++";
				CLANG_ENABLE_MODULES = YES;
				CLANG_ENABLE_OBJC_ARC = YES;
				CLANG_ENABLE_OBJC_WEAK = YES;
				CLANG_WARN_BLOCK_CAPTURE_AUTORELEASING = YES;
				CLANG_WARN_BOOL_CONVERSION = YES;
				CLANG_WARN_COMMA = YES;
				CLANG_WARN_CONSTANT_CONVERSION = YES;
				CLANG_WARN_DEPRECATED_OBJC_IMPLEMENTATIONS = YES;
				CLANG_WARN_DIRECT_OBJC_ISA_USAGE = YES_ERROR;
				CLANG_WARN_DOCUMENTATION_COMMENTS = YES;
				CLANG_WARN_EMPTY_BODY = YES;
				CLANG_WARN_ENUM_CONVERSION = YES;
				CLANG_WARN_INFINITE_RECURSION = YES;
				CLANG_WARN_INT_CONVERSION = YES;
				CLANG_WARN_NON_LITERAL_NULL_CONVERSION = YES;
				CLANG_WARN_OBJC_IMPLICIT_RETAIN_SELF = YES;
				CLANG_WARN_OBJC_LITERAL_CONVERSION = YES;
				CLANG_WARN_OBJC_ROOT_CLASS = YES_ERROR;
				CLANG_WARN_RANGE_LOOP_ANALYSIS = YES;
				CLANG_WARN_STRICT_PROTOTYPES = YES;
				CLANG_WARN_SUSPICIOUS_MOVE = YES;
				CLANG_WARN_UNGUARDED_AVAILABILITY = YES_AGGRESSIVE;
				CLANG_WARN_UNREACHABLE_CODE = YES;
				CLANG_WARN__DUPLICATE_METHOD_MATCH = YES;
				COPY_PHASE_STRIP = NO;
				CURRENT_PROJECT_VERSION = 1;
				DEBUG_INFORMATION_FORMAT = dwarf;
				ENABLE_STRICT_OBJC_MSGSEND = YES;
				ENABLE_TESTABILITY = YES;
				GCC_C_LANGUAGE_STANDARD = gnu11;
				GCC_DYNAMIC_NO_PIC = NO;
				GCC_NO_COMMON_BLOCKS = YES;
				GCC_OPTIMIZATION_LEVEL = 0;
				GCC_PREPROCESSOR_DEFINITIONS = (
					"DEBUG=1",
					"$(inherited)",
				);
				GCC_WARN_64_TO_32_BIT_CONVERSION = YES;
				GCC_WARN_ABOUT_RETURN_TYPE = YES_ERROR;
				GCC_WARN_UNDECLARED_SELECTOR = YES;
				GCC_WARN_UNINITIALIZED_AUTOS = YES_AGGRESSIVE;
				GCC_WARN_UNUSED_FUNCTION = YES;
				GCC_WARN_UNUSED_VARIABLE = YES;
				IPHONEOS_DEPLOYMENT_TARGET = 13.2;
				MTL_ENABLE_DEBUG_INFO = INCLUDE_SOURCE;
				MTL_FAST_MATH = YES;
				ONLY_ACTIVE_ARCH = YES;
				SDKROOT = iphoneos;
				SWIFT_ACTIVE_COMPILATION_CONDITIONS = DEBUG;
				SWIFT_OPTIMIZATION_LEVEL = "-Onone";
				VERSIONING_SYSTEM = "apple-generic";
				VERSION_INFO_PREFIX = "";
			};
			name = Debug;
		};
		63FD9187241D03FA001B7A48 /* Release */ = {
			isa = XCBuildConfiguration;
			buildSettings = {
				ALWAYS_SEARCH_USER_PATHS = NO;
				CLANG_ANALYZER_NONNULL = YES;
				CLANG_ANALYZER_NUMBER_OBJECT_CONVERSION = YES_AGGRESSIVE;
				CLANG_CXX_LANGUAGE_STANDARD = "gnu++14";
				CLANG_CXX_LIBRARY = "libc++";
				CLANG_ENABLE_MODULES = YES;
				CLANG_ENABLE_OBJC_ARC = YES;
				CLANG_ENABLE_OBJC_WEAK = YES;
				CLANG_WARN_BLOCK_CAPTURE_AUTORELEASING = YES;
				CLANG_WARN_BOOL_CONVERSION = YES;
				CLANG_WARN_COMMA = YES;
				CLANG_WARN_CONSTANT_CONVERSION = YES;
				CLANG_WARN_DEPRECATED_OBJC_IMPLEMENTATIONS = YES;
				CLANG_WARN_DIRECT_OBJC_ISA_USAGE = YES_ERROR;
				CLANG_WARN_DOCUMENTATION_COMMENTS = YES;
				CLANG_WARN_EMPTY_BODY = YES;
				CLANG_WARN_ENUM_CONVERSION = YES;
				CLANG_WARN_INFINITE_RECURSION = YES;
				CLANG_WARN_INT_CONVERSION = YES;
				CLANG_WARN_NON_LITERAL_NULL_CONVERSION = YES;
				CLANG_WARN_OBJC_IMPLICIT_RETAIN_SELF = YES;
				CLANG_WARN_OBJC_LITERAL_CONVERSION = YES;
				CLANG_WARN_OBJC_ROOT_CLASS = YES_ERROR;
				CLANG_WARN_RANGE_LOOP_ANALYSIS = YES;
				CLANG_WARN_STRICT_PROTOTYPES = YES;
				CLANG_WARN_SUSPICIOUS_MOVE = YES;
				CLANG_WARN_UNGUARDED_AVAILABILITY = YES_AGGRESSIVE;
				CLANG_WARN_UNREACHABLE_CODE = YES;
				CLANG_WARN__DUPLICATE_METHOD_MATCH = YES;
				COPY_PHASE_STRIP = NO;
				CURRENT_PROJECT_VERSION = 1;
				DEBUG_INFORMATION_FORMAT = "dwarf-with-dsym";
				ENABLE_NS_ASSERTIONS = NO;
				ENABLE_STRICT_OBJC_MSGSEND = YES;
				GCC_C_LANGUAGE_STANDARD = gnu11;
				GCC_NO_COMMON_BLOCKS = YES;
				GCC_WARN_64_TO_32_BIT_CONVERSION = YES;
				GCC_WARN_ABOUT_RETURN_TYPE = YES_ERROR;
				GCC_WARN_UNDECLARED_SELECTOR = YES;
				GCC_WARN_UNINITIALIZED_AUTOS = YES_AGGRESSIVE;
				GCC_WARN_UNUSED_FUNCTION = YES;
				GCC_WARN_UNUSED_VARIABLE = YES;
				IPHONEOS_DEPLOYMENT_TARGET = 13.2;
				MTL_ENABLE_DEBUG_INFO = NO;
				MTL_FAST_MATH = YES;
				SDKROOT = iphoneos;
				SWIFT_COMPILATION_MODE = wholemodule;
				SWIFT_OPTIMIZATION_LEVEL = "-O";
				VALIDATE_PRODUCT = YES;
				VERSIONING_SYSTEM = "apple-generic";
				VERSION_INFO_PREFIX = "";
			};
			name = Release;
		};
		63FD93422420DA32001B7A48 /* Debug */ = {
			isa = XCBuildConfiguration;
			baseConfigurationReference = 7B44728AF8720DD46B03F511 /* Pods-UZPlayerExample.debug.xcconfig */;
			buildSettings = {
				ASSETCATALOG_COMPILER_APPICON_NAME = AppIcon;
				CODE_SIGN_ENTITLEMENTS = UZPlayerExample/UZPlayerExample.entitlements;
				CODE_SIGN_STYLE = Automatic;
				DEVELOPMENT_TEAM = PSUL5WN7UC;
				INFOPLIST_FILE = UZPlayerExample/Info.plist;
				IPHONEOS_DEPLOYMENT_TARGET = 9.0;
				LD_RUNPATH_SEARCH_PATHS = (
					"$(inherited)",
					"@executable_path/Frameworks",
				);
				PRODUCT_BUNDLE_IDENTIFIER = com.uiza.PlayerExample;
				PRODUCT_NAME = UZPlayerExample;
				SWIFT_VERSION = 5.0;
				TARGETED_DEVICE_FAMILY = "1,2";
			};
			name = Debug;
		};
		63FD93432420DA32001B7A48 /* Release */ = {
			isa = XCBuildConfiguration;
			baseConfigurationReference = 476C9AF34D933783280476F6 /* Pods-UZPlayerExample.release.xcconfig */;
			buildSettings = {
				ASSETCATALOG_COMPILER_APPICON_NAME = AppIcon;
				CODE_SIGN_ENTITLEMENTS = UZPlayerExample/UZPlayerExample.entitlements;
				CODE_SIGN_STYLE = Automatic;
				DEVELOPMENT_TEAM = PSUL5WN7UC;
				INFOPLIST_FILE = UZPlayerExample/Info.plist;
				IPHONEOS_DEPLOYMENT_TARGET = 9.0;
				LD_RUNPATH_SEARCH_PATHS = (
					"$(inherited)",
					"@executable_path/Frameworks",
				);
				PRODUCT_BUNDLE_IDENTIFIER = com.uiza.PlayerExample;
				PRODUCT_NAME = UZPlayerExample;
				SWIFT_VERSION = 5.0;
				TARGETED_DEVICE_FAMILY = "1,2";
			};
			name = Release;
		};
/* End XCBuildConfiguration section */

/* Begin XCConfigurationList section */
		63FD917A241D03FA001B7A48 /* Build configuration list for PBXProject "UZPlayerExample" */ = {
			isa = XCConfigurationList;
			buildConfigurations = (
				63FD9186241D03FA001B7A48 /* Debug */,
				63FD9187241D03FA001B7A48 /* Release */,
			);
			defaultConfigurationIsVisible = 0;
			defaultConfigurationName = Release;
		};
		63FD93442420DA32001B7A48 /* Build configuration list for PBXNativeTarget "UZPlayerExample" */ = {
			isa = XCConfigurationList;
			buildConfigurations = (
				63FD93422420DA32001B7A48 /* Debug */,
				63FD93432420DA32001B7A48 /* Release */,
			);
			defaultConfigurationIsVisible = 0;
			defaultConfigurationName = Release;
		};
/* End XCConfigurationList section */
	};
	rootObject = 63FD9177241D03FA001B7A48 /* Project object */;
}
