// !$*UTF8*$!
{
	archiveVersion = 1;
	classes = {
	};
	objectVersion = 51;
	objects = {

/* Begin PBXBuildFile section */
		230BA8552474F036009C09B1 /* UZTheme1.swift in Sources */ = {isa = PBXBuildFile; fileRef = 63FD9216241D066D001B7A48 /* UZTheme1.swift */; };
		230BA8562474F036009C09B1 /* UZPlayer.swift in Sources */ = {isa = PBXBuildFile; fileRef = 63FD9214241D066D001B7A48 /* UZPlayer.swift */; };
		230BA8572474F036009C09B1 /* UZPlayer+.swift in Sources */ = {isa = PBXBuildFile; fileRef = 63FD9241241D066D001B7A48 /* UZPlayer+.swift */; };
		230BA8582474F036009C09B1 /* UZPlayer++.swift in Sources */ = {isa = PBXBuildFile; fileRef = 63FD9243241D066E001B7A48 /* UZPlayer++.swift */; };
		230BA8592474F036009C09B1 /* UZPlayerControlView.swift in Sources */ = {isa = PBXBuildFile; fileRef = 63FD921E241D066D001B7A48 /* UZPlayerControlView.swift */; };
		230BA85A2474F036009C09B1 /* UZPlayerControlView+.swift in Sources */ = {isa = PBXBuildFile; fileRef = 63FD9220241D066D001B7A48 /* UZPlayerControlView+.swift */; };
		230BA85B2474F036009C09B1 /* UZCastingManager.swift in Sources */ = {isa = PBXBuildFile; fileRef = 63FD920A241D066D001B7A48 /* UZCastingManager.swift */; };
		230BA85C2474F036009C09B1 /* UZCastingView.swift in Sources */ = {isa = PBXBuildFile; fileRef = 63FD9242241D066D001B7A48 /* UZCastingView.swift */; };
		230BA85D2474F036009C09B1 /* UZDeviceListTableViewController.swift in Sources */ = {isa = PBXBuildFile; fileRef = 63FD9240241D066D001B7A48 /* UZDeviceListTableViewController.swift */; };
		230BA85E2474F036009C09B1 /* UZEndscreenView.swift in Sources */ = {isa = PBXBuildFile; fileRef = 63FD9221241D066D001B7A48 /* UZEndscreenView.swift */; };
		230BA85F2474F036009C09B1 /* UZFloatingPlayerViewController.swift in Sources */ = {isa = PBXBuildFile; fileRef = 63FD9224241D066D001B7A48 /* UZFloatingPlayerViewController.swift */; };
		230BA8602474F036009C09B1 /* UZMediaOptionSelectionViewController.swift in Sources */ = {isa = PBXBuildFile; fileRef = 63FD921D241D066D001B7A48 /* UZMediaOptionSelectionViewController.swift */; };
		230BA8612474F036009C09B1 /* UZMediaOptionSelectionViewController+.swift in Sources */ = {isa = PBXBuildFile; fileRef = 63FD9223241D066D001B7A48 /* UZMediaOptionSelectionViewController+.swift */; };
		230BA8622474F036009C09B1 /* UZPlayerLayerView.swift in Sources */ = {isa = PBXBuildFile; fileRef = 63FD9222241D066D001B7A48 /* UZPlayerLayerView.swift */; };
		230BA8632474F036009C09B1 /* UZPlayerViewController.swift in Sources */ = {isa = PBXBuildFile; fileRef = 63FD9249241D066E001B7A48 /* UZPlayerViewController.swift */; };
		230BA8642474F036009C09B1 /* UZVideoQualitySettingsViewController.swift in Sources */ = {isa = PBXBuildFile; fileRef = 63FD920B241D066D001B7A48 /* UZVideoQualitySettingsViewController.swift */; };
		230BA8652474F03B009C09B1 /* UZPlayerConfig.swift in Sources */ = {isa = PBXBuildFile; fileRef = 63FD9285241D0722001B7A48 /* UZPlayerConfig.swift */; };
		230BA8662474F03B009C09B1 /* UZVideoItem.swift in Sources */ = {isa = PBXBuildFile; fileRef = 63FD9286241D0722001B7A48 /* UZVideoItem.swift */; };
		230BA8672474F03B009C09B1 /* UZVideoSubtitle.swift in Sources */ = {isa = PBXBuildFile; fileRef = 63FD9287241D0722001B7A48 /* UZVideoSubtitle.swift */; };
		230BA8682474F03B009C09B1 /* UZMediaResource.swift in Sources */ = {isa = PBXBuildFile; fileRef = 63FD9245241D066E001B7A48 /* UZMediaResource.swift */; };
		230BA8692474F03B009C09B1 /* UZVisualizeInfo.swift in Sources */ = {isa = PBXBuildFile; fileRef = 63FD9246241D066E001B7A48 /* UZVisualizeInfo.swift */; };
		230BA86A2474F03B009C09B1 /* UZSubtitles.swift in Sources */ = {isa = PBXBuildFile; fileRef = 63FD9247241D066E001B7A48 /* UZSubtitles.swift */; };
		230BA86B2474F043009C09B1 /* Math.swift in Sources */ = {isa = PBXBuildFile; fileRef = 63FD9228241D066D001B7A48 /* Math.swift */; };
		230BA86C2474F043009C09B1 /* UIKit+Tweenable.swift in Sources */ = {isa = PBXBuildFile; fileRef = 63FD9229241D066D001B7A48 /* UIKit+Tweenable.swift */; };
		230BA86D2474F043009C09B1 /* BezierAction.swift in Sources */ = {isa = PBXBuildFile; fileRef = 63FD922A241D066D001B7A48 /* BezierAction.swift */; };
		230BA86E2474F043009C09B1 /* BezierPath.swift in Sources */ = {isa = PBXBuildFile; fileRef = 63FD922B241D066D001B7A48 /* BezierPath.swift */; };
		230BA86F2474F043009C09B1 /* ActionGroup.swift in Sources */ = {isa = PBXBuildFile; fileRef = 63FD922C241D066D001B7A48 /* ActionGroup.swift */; };
		230BA8702474F043009C09B1 /* Animation.swift in Sources */ = {isa = PBXBuildFile; fileRef = 63FD922D241D066D001B7A48 /* Animation.swift */; };
		230BA8712474F043009C09B1 /* DelayAction.swift in Sources */ = {isa = PBXBuildFile; fileRef = 63FD922E241D066D001B7A48 /* DelayAction.swift */; };
		230BA8722474F043009C09B1 /* ReverseAction.swift in Sources */ = {isa = PBXBuildFile; fileRef = 63FD922F241D066D001B7A48 /* ReverseAction.swift */; };
		230BA8732474F043009C09B1 /* CoreGraphics+Tweenable.swift in Sources */ = {isa = PBXBuildFile; fileRef = 63FD9230241D066D001B7A48 /* CoreGraphics+Tweenable.swift */; };
		230BA8742474F043009C09B1 /* RunBlockAction.swift in Sources */ = {isa = PBXBuildFile; fileRef = 63FD9231241D066D001B7A48 /* RunBlockAction.swift */; };
		230BA8752474F043009C09B1 /* ActionScrubber.swift in Sources */ = {isa = PBXBuildFile; fileRef = 63FD9232241D066D001B7A48 /* ActionScrubber.swift */; };
		230BA8762474F043009C09B1 /* RepeatAction.swift in Sources */ = {isa = PBXBuildFile; fileRef = 63FD9233241D066D001B7A48 /* RepeatAction.swift */; };
		230BA8772474F043009C09B1 /* YoyoAction.swift in Sources */ = {isa = PBXBuildFile; fileRef = 63FD9234241D066D001B7A48 /* YoyoAction.swift */; };
		230BA8782474F043009C09B1 /* UIBezierPath+BezierPath.swift in Sources */ = {isa = PBXBuildFile; fileRef = 63FD9235241D066D001B7A48 /* UIBezierPath+BezierPath.swift */; };
		230BA8792474F043009C09B1 /* Easing.swift in Sources */ = {isa = PBXBuildFile; fileRef = 63FD9236241D066D001B7A48 /* Easing.swift */; };
		230BA87A2474F043009C09B1 /* RepeatForeverAction.swift in Sources */ = {isa = PBXBuildFile; fileRef = 63FD9237241D066D001B7A48 /* RepeatForeverAction.swift */; };
		230BA87B2474F043009C09B1 /* InterpolateAction.swift in Sources */ = {isa = PBXBuildFile; fileRef = 63FD9238241D066D001B7A48 /* InterpolateAction.swift */; };
		230BA87C2474F043009C09B1 /* ActionScheduler.swift in Sources */ = {isa = PBXBuildFile; fileRef = 63FD9239241D066D001B7A48 /* ActionScheduler.swift */; };
		230BA87D2474F043009C09B1 /* ArcAction.swift in Sources */ = {isa = PBXBuildFile; fileRef = 63FD923A241D066D001B7A48 /* ArcAction.swift */; };
		230BA87E2474F043009C09B1 /* ActionSequence.swift in Sources */ = {isa = PBXBuildFile; fileRef = 63FD923B241D066D001B7A48 /* ActionSequence.swift */; };
		230BA87F2474F043009C09B1 /* Action.swift in Sources */ = {isa = PBXBuildFile; fileRef = 63FD923C241D066D001B7A48 /* Action.swift */; };
		230BA8802474F043009C09B1 /* Lazy.swift in Sources */ = {isa = PBXBuildFile; fileRef = 63FD923D241D066D001B7A48 /* Lazy.swift */; };
		230BA8812474F043009C09B1 /* Tweenable.swift in Sources */ = {isa = PBXBuildFile; fileRef = 63FD923E241D066D001B7A48 /* Tweenable.swift */; };
		230BA8822474F047009C09B1 /* AVAsset+Selection.swift in Sources */ = {isa = PBXBuildFile; fileRef = 63FD9291241D0890001B7A48 /* AVAsset+Selection.swift */; };
		230BA8832474F047009C09B1 /* AVAudioSession+Airplay.swift in Sources */ = {isa = PBXBuildFile; fileRef = 63FD9290241D0890001B7A48 /* AVAudioSession+Airplay.swift */; };
		230BA8842474F047009C09B1 /* Number+Extentions.swift in Sources */ = {isa = PBXBuildFile; fileRef = 63FD92BF241D132F001B7A48 /* Number+Extentions.swift */; };
		230BA8852474F047009C09B1 /* NSTimeInterval+ToString.swift in Sources */ = {isa = PBXBuildFile; fileRef = 63FD92BD241D12F1001B7A48 /* NSTimeInterval+ToString.swift */; };
		230BA8862474F047009C09B1 /* UIDevice+Extension.swift in Sources */ = {isa = PBXBuildFile; fileRef = 63FD92B9241D10BE001B7A48 /* UIDevice+Extension.swift */; };
		230BA8872474F047009C09B1 /* UIImage+Colorize.swift in Sources */ = {isa = PBXBuildFile; fileRef = 63FD92BB241D12AD001B7A48 /* UIImage+Colorize.swift */; };
		230BA8882474F047009C09B1 /* UIViewController+TopPresented.swift in Sources */ = {isa = PBXBuildFile; fileRef = 63FD92B7241D1014001B7A48 /* UIViewController+TopPresented.swift */; };
		230BA8892474F04B009C09B1 /* UZVisualizeInformationView.swift in Sources */ = {isa = PBXBuildFile; fileRef = 63FD920D241D066D001B7A48 /* UZVisualizeInformationView.swift */; };
		230BA88A2474F04B009C09B1 /* NKProgressView.swift in Sources */ = {isa = PBXBuildFile; fileRef = 63FD920E241D066D001B7A48 /* NKProgressView.swift */; };
		230BA88B2474F04B009C09B1 /* NKFloatingViewHandler.swift in Sources */ = {isa = PBXBuildFile; fileRef = 63FD920F241D066D001B7A48 /* NKFloatingViewHandler.swift */; };
		230BA88C2474F04B009C09B1 /* UZButton.swift in Sources */ = {isa = PBXBuildFile; fileRef = 63FD9210241D066D001B7A48 /* UZButton.swift */; };
		230BA88D2474F04B009C09B1 /* UZSlider.swift in Sources */ = {isa = PBXBuildFile; fileRef = 63FD9211241D066D001B7A48 /* UZSlider.swift */; };
		230BA88E2474F04B009C09B1 /* UZAirPlayButton.swift in Sources */ = {isa = PBXBuildFile; fileRef = 63FD9212241D066D001B7A48 /* UZAirPlayButton.swift */; };
		230BA88F2474F04B009C09B1 /* UZCastButton.swift in Sources */ = {isa = PBXBuildFile; fileRef = 63FD9213241D066D001B7A48 /* UZCastButton.swift */; };
		230BA8902474F053009C09B1 /* Icofont.ttf in Resources */ = {isa = PBXBuildFile; fileRef = 63FD9295241D0988001B7A48 /* Icofont.ttf */; };
		230BA8912474F053009C09B1 /* MapIcons.ttf in Resources */ = {isa = PBXBuildFile; fileRef = 63FD9296241D0988001B7A48 /* MapIcons.ttf */; };
		230BA8922474F053009C09B1 /* Dripicons.ttf in Resources */ = {isa = PBXBuildFile; fileRef = 63FD9297241D0988001B7A48 /* Dripicons.ttf */; };
		230BA8932474F053009C09B1 /* OpenIconic.ttf in Resources */ = {isa = PBXBuildFile; fileRef = 63FD9298241D0988001B7A48 /* OpenIconic.ttf */; };
		230BA8942474F053009C09B1 /* FontAwesomeSolid.ttf in Resources */ = {isa = PBXBuildFile; fileRef = 63FD9299241D0988001B7A48 /* FontAwesomeSolid.ttf */; };
		230BA8952474F053009C09B1 /* WeatherIcons.ttf in Resources */ = {isa = PBXBuildFile; fileRef = 63FD929A241D0988001B7A48 /* WeatherIcons.ttf */; };
		230BA8962474F053009C09B1 /* Ionicons.ttf in Resources */ = {isa = PBXBuildFile; fileRef = 63FD929B241D0988001B7A48 /* Ionicons.ttf */; };
		230BA8972474F053009C09B1 /* TypIcons.ttf in Resources */ = {isa = PBXBuildFile; fileRef = 63FD929C241D0988001B7A48 /* TypIcons.ttf */; };
		230BA8982474F053009C09B1 /* FontAwesome.ttf in Resources */ = {isa = PBXBuildFile; fileRef = 63FD929D241D0988001B7A48 /* FontAwesome.ttf */; };
		230BA8992474F053009C09B1 /* FontAwesomeRegular.ttf in Resources */ = {isa = PBXBuildFile; fileRef = 63FD929E241D0988001B7A48 /* FontAwesomeRegular.ttf */; };
		230BA89A2474F053009C09B1 /* Stateface.ttf in Resources */ = {isa = PBXBuildFile; fileRef = 63FD929F241D0988001B7A48 /* Stateface.ttf */; };
		230BA89B2474F053009C09B1 /* Linearicons.ttf in Resources */ = {isa = PBXBuildFile; fileRef = 63FD92A0241D0988001B7A48 /* Linearicons.ttf */; };
		230BA89C2474F053009C09B1 /* Emoji.ttf in Resources */ = {isa = PBXBuildFile; fileRef = 63FD92A1241D0988001B7A48 /* Emoji.ttf */; };
		230BA89D2474F053009C09B1 /* FontAwesomeBrands.ttf in Resources */ = {isa = PBXBuildFile; fileRef = 63FD92A2241D0988001B7A48 /* FontAwesomeBrands.ttf */; };
		230BA89E2474F053009C09B1 /* MaterialIcons.ttf in Resources */ = {isa = PBXBuildFile; fileRef = 63FD92A3241D0988001B7A48 /* MaterialIcons.ttf */; };
		230BA89F2474F0CC009C09B1 /* SwiftIcons.swift in Sources */ = {isa = PBXBuildFile; fileRef = 63FD923F241D066D001B7A48 /* SwiftIcons.swift */; };
		230BA8A02474F0CF009C09B1 /* UZSentry.swift in Sources */ = {isa = PBXBuildFile; fileRef = 63FD92B3241D0CF3001B7A48 /* UZSentry.swift */; };
		230BA8A12474F0CF009C09B1 /* UZLogger.swift in Sources */ = {isa = PBXBuildFile; fileRef = 63FD92B5241D0DAD001B7A48 /* UZLogger.swift */; };
		230BA8A22474F463009C09B1 /* UZTheme2.swift in Sources */ = {isa = PBXBuildFile; fileRef = 63FD921A241D066D001B7A48 /* UZTheme2.swift */; };
		230BA8A32474F463009C09B1 /* UZTheme2.swift in Sources */ = {isa = PBXBuildFile; fileRef = 63FD921A241D066D001B7A48 /* UZTheme2.swift */; };
		230BA8A42474FC11009C09B1 /* UZTheme3.swift in Sources */ = {isa = PBXBuildFile; fileRef = 63FD9217241D066D001B7A48 /* UZTheme3.swift */; };
		230BA8A52474FC12009C09B1 /* UZTheme3.swift in Sources */ = {isa = PBXBuildFile; fileRef = 63FD9217241D066D001B7A48 /* UZTheme3.swift */; };
		230BA8A62474FEF6009C09B1 /* UZTheme4.swift in Sources */ = {isa = PBXBuildFile; fileRef = 63FD921B241D066D001B7A48 /* UZTheme4.swift */; };
		230BA8A72474FEF7009C09B1 /* UZTheme4.swift in Sources */ = {isa = PBXBuildFile; fileRef = 63FD921B241D066D001B7A48 /* UZTheme4.swift */; };
		230BA8A824750182009C09B1 /* UZTheme5.swift in Sources */ = {isa = PBXBuildFile; fileRef = 63FD9219241D066D001B7A48 /* UZTheme5.swift */; };
		230BA8A924750182009C09B1 /* UZTheme5.swift in Sources */ = {isa = PBXBuildFile; fileRef = 63FD9219241D066D001B7A48 /* UZTheme5.swift */; };
		230BA8AA247502A6009C09B1 /* UZTheme6.swift in Sources */ = {isa = PBXBuildFile; fileRef = 63FD921C241D066D001B7A48 /* UZTheme6.swift */; };
		230BA8AB247502A6009C09B1 /* UZTheme6.swift in Sources */ = {isa = PBXBuildFile; fileRef = 63FD921C241D066D001B7A48 /* UZTheme6.swift */; };
		230BA8AC24750554009C09B1 /* UZTheme7.swift in Sources */ = {isa = PBXBuildFile; fileRef = 63FD9218241D066D001B7A48 /* UZTheme7.swift */; };
		230BA8AD24750554009C09B1 /* UZTheme7.swift in Sources */ = {isa = PBXBuildFile; fileRef = 63FD9218241D066D001B7A48 /* UZTheme7.swift */; };
		63FD9185241D03FA001B7A48 /* UZPlayer.h in Headers */ = {isa = PBXBuildFile; fileRef = 63FD9183241D03FA001B7A48 /* UZPlayer.h */; settings = {ATTRIBUTES = (Public, ); }; };
		63FD924A241D066E001B7A48 /* UZCastingManager.swift in Sources */ = {isa = PBXBuildFile; fileRef = 63FD920A241D066D001B7A48 /* UZCastingManager.swift */; };
		63FD924B241D066E001B7A48 /* UZVideoQualitySettingsViewController.swift in Sources */ = {isa = PBXBuildFile; fileRef = 63FD920B241D066D001B7A48 /* UZVideoQualitySettingsViewController.swift */; };
		63FD924C241D066E001B7A48 /* UZVisualizeInformationView.swift in Sources */ = {isa = PBXBuildFile; fileRef = 63FD920D241D066D001B7A48 /* UZVisualizeInformationView.swift */; };
		63FD924D241D066E001B7A48 /* NKProgressView.swift in Sources */ = {isa = PBXBuildFile; fileRef = 63FD920E241D066D001B7A48 /* NKProgressView.swift */; };
		63FD924E241D066E001B7A48 /* NKFloatingViewHandler.swift in Sources */ = {isa = PBXBuildFile; fileRef = 63FD920F241D066D001B7A48 /* NKFloatingViewHandler.swift */; };
		63FD924F241D066E001B7A48 /* UZButton.swift in Sources */ = {isa = PBXBuildFile; fileRef = 63FD9210241D066D001B7A48 /* UZButton.swift */; };
		63FD9250241D066E001B7A48 /* UZSlider.swift in Sources */ = {isa = PBXBuildFile; fileRef = 63FD9211241D066D001B7A48 /* UZSlider.swift */; };
		63FD9251241D066E001B7A48 /* UZAirPlayButton.swift in Sources */ = {isa = PBXBuildFile; fileRef = 63FD9212241D066D001B7A48 /* UZAirPlayButton.swift */; };
		63FD9252241D066E001B7A48 /* UZCastButton.swift in Sources */ = {isa = PBXBuildFile; fileRef = 63FD9213241D066D001B7A48 /* UZCastButton.swift */; };
		63FD9253241D066E001B7A48 /* UZPlayer.swift in Sources */ = {isa = PBXBuildFile; fileRef = 63FD9214241D066D001B7A48 /* UZPlayer.swift */; };
		63FD9254241D066E001B7A48 /* UZTheme1.swift in Sources */ = {isa = PBXBuildFile; fileRef = 63FD9216241D066D001B7A48 /* UZTheme1.swift */; };
		63FD925B241D066E001B7A48 /* UZMediaOptionSelectionViewController.swift in Sources */ = {isa = PBXBuildFile; fileRef = 63FD921D241D066D001B7A48 /* UZMediaOptionSelectionViewController.swift */; };
		63FD925C241D066E001B7A48 /* UZPlayerControlView.swift in Sources */ = {isa = PBXBuildFile; fileRef = 63FD921E241D066D001B7A48 /* UZPlayerControlView.swift */; };
		63FD925E241D066E001B7A48 /* UZPlayerControlView+.swift in Sources */ = {isa = PBXBuildFile; fileRef = 63FD9220241D066D001B7A48 /* UZPlayerControlView+.swift */; };
		63FD925F241D066E001B7A48 /* UZEndscreenView.swift in Sources */ = {isa = PBXBuildFile; fileRef = 63FD9221241D066D001B7A48 /* UZEndscreenView.swift */; };
		63FD9260241D066E001B7A48 /* UZPlayerLayerView.swift in Sources */ = {isa = PBXBuildFile; fileRef = 63FD9222241D066D001B7A48 /* UZPlayerLayerView.swift */; };
		63FD9261241D066E001B7A48 /* UZMediaOptionSelectionViewController+.swift in Sources */ = {isa = PBXBuildFile; fileRef = 63FD9223241D066D001B7A48 /* UZMediaOptionSelectionViewController+.swift */; };
		63FD9262241D066E001B7A48 /* UZFloatingPlayerViewController.swift in Sources */ = {isa = PBXBuildFile; fileRef = 63FD9224241D066D001B7A48 /* UZFloatingPlayerViewController.swift */; };
		63FD9264241D066E001B7A48 /* Math.swift in Sources */ = {isa = PBXBuildFile; fileRef = 63FD9228241D066D001B7A48 /* Math.swift */; };
		63FD9265241D066E001B7A48 /* UIKit+Tweenable.swift in Sources */ = {isa = PBXBuildFile; fileRef = 63FD9229241D066D001B7A48 /* UIKit+Tweenable.swift */; };
		63FD9266241D066E001B7A48 /* BezierAction.swift in Sources */ = {isa = PBXBuildFile; fileRef = 63FD922A241D066D001B7A48 /* BezierAction.swift */; };
		63FD9267241D066E001B7A48 /* BezierPath.swift in Sources */ = {isa = PBXBuildFile; fileRef = 63FD922B241D066D001B7A48 /* BezierPath.swift */; };
		63FD9268241D066E001B7A48 /* ActionGroup.swift in Sources */ = {isa = PBXBuildFile; fileRef = 63FD922C241D066D001B7A48 /* ActionGroup.swift */; };
		63FD9269241D066E001B7A48 /* Animation.swift in Sources */ = {isa = PBXBuildFile; fileRef = 63FD922D241D066D001B7A48 /* Animation.swift */; };
		63FD926A241D066E001B7A48 /* DelayAction.swift in Sources */ = {isa = PBXBuildFile; fileRef = 63FD922E241D066D001B7A48 /* DelayAction.swift */; };
		63FD926B241D066E001B7A48 /* ReverseAction.swift in Sources */ = {isa = PBXBuildFile; fileRef = 63FD922F241D066D001B7A48 /* ReverseAction.swift */; };
		63FD926C241D066E001B7A48 /* CoreGraphics+Tweenable.swift in Sources */ = {isa = PBXBuildFile; fileRef = 63FD9230241D066D001B7A48 /* CoreGraphics+Tweenable.swift */; };
		63FD926D241D066E001B7A48 /* RunBlockAction.swift in Sources */ = {isa = PBXBuildFile; fileRef = 63FD9231241D066D001B7A48 /* RunBlockAction.swift */; };
		63FD926E241D066E001B7A48 /* ActionScrubber.swift in Sources */ = {isa = PBXBuildFile; fileRef = 63FD9232241D066D001B7A48 /* ActionScrubber.swift */; };
		63FD926F241D066E001B7A48 /* RepeatAction.swift in Sources */ = {isa = PBXBuildFile; fileRef = 63FD9233241D066D001B7A48 /* RepeatAction.swift */; };
		63FD9270241D066E001B7A48 /* YoyoAction.swift in Sources */ = {isa = PBXBuildFile; fileRef = 63FD9234241D066D001B7A48 /* YoyoAction.swift */; };
		63FD9271241D066E001B7A48 /* UIBezierPath+BezierPath.swift in Sources */ = {isa = PBXBuildFile; fileRef = 63FD9235241D066D001B7A48 /* UIBezierPath+BezierPath.swift */; };
		63FD9272241D066E001B7A48 /* Easing.swift in Sources */ = {isa = PBXBuildFile; fileRef = 63FD9236241D066D001B7A48 /* Easing.swift */; };
		63FD9273241D066E001B7A48 /* RepeatForeverAction.swift in Sources */ = {isa = PBXBuildFile; fileRef = 63FD9237241D066D001B7A48 /* RepeatForeverAction.swift */; };
		63FD9274241D066E001B7A48 /* InterpolateAction.swift in Sources */ = {isa = PBXBuildFile; fileRef = 63FD9238241D066D001B7A48 /* InterpolateAction.swift */; };
		63FD9275241D066E001B7A48 /* ActionScheduler.swift in Sources */ = {isa = PBXBuildFile; fileRef = 63FD9239241D066D001B7A48 /* ActionScheduler.swift */; };
		63FD9276241D066E001B7A48 /* ArcAction.swift in Sources */ = {isa = PBXBuildFile; fileRef = 63FD923A241D066D001B7A48 /* ArcAction.swift */; };
		63FD9277241D066E001B7A48 /* ActionSequence.swift in Sources */ = {isa = PBXBuildFile; fileRef = 63FD923B241D066D001B7A48 /* ActionSequence.swift */; };
		63FD9278241D066E001B7A48 /* Action.swift in Sources */ = {isa = PBXBuildFile; fileRef = 63FD923C241D066D001B7A48 /* Action.swift */; };
		63FD9279241D066E001B7A48 /* Lazy.swift in Sources */ = {isa = PBXBuildFile; fileRef = 63FD923D241D066D001B7A48 /* Lazy.swift */; };
		63FD927A241D066E001B7A48 /* Tweenable.swift in Sources */ = {isa = PBXBuildFile; fileRef = 63FD923E241D066D001B7A48 /* Tweenable.swift */; };
		63FD927B241D066E001B7A48 /* SwiftIcons.swift in Sources */ = {isa = PBXBuildFile; fileRef = 63FD923F241D066D001B7A48 /* SwiftIcons.swift */; };
		63FD927C241D066E001B7A48 /* UZDeviceListTableViewController.swift in Sources */ = {isa = PBXBuildFile; fileRef = 63FD9240241D066D001B7A48 /* UZDeviceListTableViewController.swift */; };
		63FD927D241D066E001B7A48 /* UZPlayer+.swift in Sources */ = {isa = PBXBuildFile; fileRef = 63FD9241241D066D001B7A48 /* UZPlayer+.swift */; };
		63FD927E241D066E001B7A48 /* UZCastingView.swift in Sources */ = {isa = PBXBuildFile; fileRef = 63FD9242241D066D001B7A48 /* UZCastingView.swift */; };
		63FD927F241D066E001B7A48 /* UZPlayer++.swift in Sources */ = {isa = PBXBuildFile; fileRef = 63FD9243241D066E001B7A48 /* UZPlayer++.swift */; };
		63FD9280241D066E001B7A48 /* UZMediaResource.swift in Sources */ = {isa = PBXBuildFile; fileRef = 63FD9245241D066E001B7A48 /* UZMediaResource.swift */; };
		63FD9281241D066E001B7A48 /* UZVisualizeInfo.swift in Sources */ = {isa = PBXBuildFile; fileRef = 63FD9246241D066E001B7A48 /* UZVisualizeInfo.swift */; };
		63FD9282241D066E001B7A48 /* UZSubtitles.swift in Sources */ = {isa = PBXBuildFile; fileRef = 63FD9247241D066E001B7A48 /* UZSubtitles.swift */; };
		63FD9284241D066E001B7A48 /* UZPlayerViewController.swift in Sources */ = {isa = PBXBuildFile; fileRef = 63FD9249241D066E001B7A48 /* UZPlayerViewController.swift */; };
		63FD9288241D0722001B7A48 /* UZPlayerConfig.swift in Sources */ = {isa = PBXBuildFile; fileRef = 63FD9285241D0722001B7A48 /* UZPlayerConfig.swift */; };
		63FD9289241D0722001B7A48 /* UZVideoItem.swift in Sources */ = {isa = PBXBuildFile; fileRef = 63FD9286241D0722001B7A48 /* UZVideoItem.swift */; };
		63FD928A241D0722001B7A48 /* UZVideoSubtitle.swift in Sources */ = {isa = PBXBuildFile; fileRef = 63FD9287241D0722001B7A48 /* UZVideoSubtitle.swift */; };
		63FD9292241D0890001B7A48 /* AVAudioSession+Airplay.swift in Sources */ = {isa = PBXBuildFile; fileRef = 63FD9290241D0890001B7A48 /* AVAudioSession+Airplay.swift */; };
		63FD9293241D0890001B7A48 /* AVAsset+Selection.swift in Sources */ = {isa = PBXBuildFile; fileRef = 63FD9291241D0890001B7A48 /* AVAsset+Selection.swift */; };
		63FD92A4241D0988001B7A48 /* Icofont.ttf in Resources */ = {isa = PBXBuildFile; fileRef = 63FD9295241D0988001B7A48 /* Icofont.ttf */; };
		63FD92A5241D0988001B7A48 /* MapIcons.ttf in Resources */ = {isa = PBXBuildFile; fileRef = 63FD9296241D0988001B7A48 /* MapIcons.ttf */; };
		63FD92A6241D0988001B7A48 /* Dripicons.ttf in Resources */ = {isa = PBXBuildFile; fileRef = 63FD9297241D0988001B7A48 /* Dripicons.ttf */; };
		63FD92A7241D0988001B7A48 /* OpenIconic.ttf in Resources */ = {isa = PBXBuildFile; fileRef = 63FD9298241D0988001B7A48 /* OpenIconic.ttf */; };
		63FD92A8241D0988001B7A48 /* FontAwesomeSolid.ttf in Resources */ = {isa = PBXBuildFile; fileRef = 63FD9299241D0988001B7A48 /* FontAwesomeSolid.ttf */; };
		63FD92A9241D0988001B7A48 /* WeatherIcons.ttf in Resources */ = {isa = PBXBuildFile; fileRef = 63FD929A241D0988001B7A48 /* WeatherIcons.ttf */; };
		63FD92AA241D0988001B7A48 /* Ionicons.ttf in Resources */ = {isa = PBXBuildFile; fileRef = 63FD929B241D0988001B7A48 /* Ionicons.ttf */; };
		63FD92AB241D0988001B7A48 /* TypIcons.ttf in Resources */ = {isa = PBXBuildFile; fileRef = 63FD929C241D0988001B7A48 /* TypIcons.ttf */; };
		63FD92AC241D0988001B7A48 /* FontAwesome.ttf in Resources */ = {isa = PBXBuildFile; fileRef = 63FD929D241D0988001B7A48 /* FontAwesome.ttf */; };
		63FD92AD241D0988001B7A48 /* FontAwesomeRegular.ttf in Resources */ = {isa = PBXBuildFile; fileRef = 63FD929E241D0988001B7A48 /* FontAwesomeRegular.ttf */; };
		63FD92AE241D0988001B7A48 /* Stateface.ttf in Resources */ = {isa = PBXBuildFile; fileRef = 63FD929F241D0988001B7A48 /* Stateface.ttf */; };
		63FD92AF241D0988001B7A48 /* Linearicons.ttf in Resources */ = {isa = PBXBuildFile; fileRef = 63FD92A0241D0988001B7A48 /* Linearicons.ttf */; };
		63FD92B0241D0988001B7A48 /* Emoji.ttf in Resources */ = {isa = PBXBuildFile; fileRef = 63FD92A1241D0988001B7A48 /* Emoji.ttf */; };
		63FD92B1241D0988001B7A48 /* FontAwesomeBrands.ttf in Resources */ = {isa = PBXBuildFile; fileRef = 63FD92A2241D0988001B7A48 /* FontAwesomeBrands.ttf */; };
		63FD92B2241D0988001B7A48 /* MaterialIcons.ttf in Resources */ = {isa = PBXBuildFile; fileRef = 63FD92A3241D0988001B7A48 /* MaterialIcons.ttf */; };
		63FD92B4241D0CF3001B7A48 /* UZSentry.swift in Sources */ = {isa = PBXBuildFile; fileRef = 63FD92B3241D0CF3001B7A48 /* UZSentry.swift */; };
		63FD92B6241D0DAD001B7A48 /* UZLogger.swift in Sources */ = {isa = PBXBuildFile; fileRef = 63FD92B5241D0DAD001B7A48 /* UZLogger.swift */; };
		63FD92B8241D1014001B7A48 /* UIViewController+TopPresented.swift in Sources */ = {isa = PBXBuildFile; fileRef = 63FD92B7241D1014001B7A48 /* UIViewController+TopPresented.swift */; };
		63FD92BA241D10BE001B7A48 /* UIDevice+Extension.swift in Sources */ = {isa = PBXBuildFile; fileRef = 63FD92B9241D10BE001B7A48 /* UIDevice+Extension.swift */; };
		63FD92BC241D12AD001B7A48 /* UIImage+Colorize.swift in Sources */ = {isa = PBXBuildFile; fileRef = 63FD92BB241D12AD001B7A48 /* UIImage+Colorize.swift */; };
		63FD92BE241D12F1001B7A48 /* NSTimeInterval+ToString.swift in Sources */ = {isa = PBXBuildFile; fileRef = 63FD92BD241D12F1001B7A48 /* NSTimeInterval+ToString.swift */; };
		63FD92C0241D132F001B7A48 /* Number+Extentions.swift in Sources */ = {isa = PBXBuildFile; fileRef = 63FD92BF241D132F001B7A48 /* Number+Extentions.swift */; };
		63FD93342420DA30001B7A48 /* AppDelegate.swift in Sources */ = {isa = PBXBuildFile; fileRef = 63FD93332420DA30001B7A48 /* AppDelegate.swift */; };
		63FD93382420DA30001B7A48 /* ViewController.swift in Sources */ = {isa = PBXBuildFile; fileRef = 63FD93372420DA30001B7A48 /* ViewController.swift */; };
		63FD933D2420DA32001B7A48 /* Assets.xcassets in Resources */ = {isa = PBXBuildFile; fileRef = 63FD933C2420DA32001B7A48 /* Assets.xcassets */; };
		63FD93402420DA32001B7A48 /* LaunchScreen.storyboard in Resources */ = {isa = PBXBuildFile; fileRef = 63FD933E2420DA32001B7A48 /* LaunchScreen.storyboard */; };
		63FD93472420DD25001B7A48 /* ExternalAccessory.framework in Frameworks */ = {isa = PBXBuildFile; fileRef = 63FD93462420DD25001B7A48 /* ExternalAccessory.framework */; };
		A5D29B34DC8D129D4F27876B /* Pods_UZPlayerExample.framework in Frameworks */ = {isa = PBXBuildFile; fileRef = F14552486BC585D144D62FA4 /* Pods_UZPlayerExample.framework */; };
		CBB5C937329A98616DB952C3 /* Pods_UZPlayer.framework in Frameworks */ = {isa = PBXBuildFile; fileRef = 9160F77FE5316FE51ECDD182 /* Pods_UZPlayer.framework */; };
/* End PBXBuildFile section */

/* Begin PBXFileReference section */
		476C9AF34D933783280476F6 /* Pods-UZPlayerExample.release.xcconfig */ = {isa = PBXFileReference; includeInIndex = 1; lastKnownFileType = text.xcconfig; name = "Pods-UZPlayerExample.release.xcconfig"; path = "Target Support Files/Pods-UZPlayerExample/Pods-UZPlayerExample.release.xcconfig"; sourceTree = "<group>"; };
		5EDAD4638FF3E17A8184CFE1 /* Pods-UZPlayer.debug.xcconfig */ = {isa = PBXFileReference; includeInIndex = 1; lastKnownFileType = text.xcconfig; name = "Pods-UZPlayer.debug.xcconfig"; path = "Target Support Files/Pods-UZPlayer/Pods-UZPlayer.debug.xcconfig"; sourceTree = "<group>"; };
		63FD9180241D03FA001B7A48 /* UZPlayer.framework */ = {isa = PBXFileReference; explicitFileType = wrapper.framework; includeInIndex = 0; path = UZPlayer.framework; sourceTree = BUILT_PRODUCTS_DIR; };
		63FD9183241D03FA001B7A48 /* UZPlayer.h */ = {isa = PBXFileReference; lastKnownFileType = sourcecode.c.h; path = UZPlayer.h; sourceTree = "<group>"; };
		63FD920A241D066D001B7A48 /* UZCastingManager.swift */ = {isa = PBXFileReference; fileEncoding = 4; lastKnownFileType = sourcecode.swift; path = UZCastingManager.swift; sourceTree = "<group>"; };
		63FD920B241D066D001B7A48 /* UZVideoQualitySettingsViewController.swift */ = {isa = PBXFileReference; fileEncoding = 4; lastKnownFileType = sourcecode.swift; path = UZVideoQualitySettingsViewController.swift; sourceTree = "<group>"; };
		63FD920D241D066D001B7A48 /* UZVisualizeInformationView.swift */ = {isa = PBXFileReference; fileEncoding = 4; lastKnownFileType = sourcecode.swift; path = UZVisualizeInformationView.swift; sourceTree = "<group>"; };
		63FD920E241D066D001B7A48 /* NKProgressView.swift */ = {isa = PBXFileReference; fileEncoding = 4; lastKnownFileType = sourcecode.swift; path = NKProgressView.swift; sourceTree = "<group>"; };
		63FD920F241D066D001B7A48 /* NKFloatingViewHandler.swift */ = {isa = PBXFileReference; fileEncoding = 4; lastKnownFileType = sourcecode.swift; path = NKFloatingViewHandler.swift; sourceTree = "<group>"; };
		63FD9210241D066D001B7A48 /* UZButton.swift */ = {isa = PBXFileReference; fileEncoding = 4; lastKnownFileType = sourcecode.swift; path = UZButton.swift; sourceTree = "<group>"; };
		63FD9211241D066D001B7A48 /* UZSlider.swift */ = {isa = PBXFileReference; fileEncoding = 4; lastKnownFileType = sourcecode.swift; path = UZSlider.swift; sourceTree = "<group>"; };
		63FD9212241D066D001B7A48 /* UZAirPlayButton.swift */ = {isa = PBXFileReference; fileEncoding = 4; lastKnownFileType = sourcecode.swift; path = UZAirPlayButton.swift; sourceTree = "<group>"; };
		63FD9213241D066D001B7A48 /* UZCastButton.swift */ = {isa = PBXFileReference; fileEncoding = 4; lastKnownFileType = sourcecode.swift; path = UZCastButton.swift; sourceTree = "<group>"; };
		63FD9214241D066D001B7A48 /* UZPlayer.swift */ = {isa = PBXFileReference; fileEncoding = 4; lastKnownFileType = sourcecode.swift; name = UZPlayer.swift; path = Themes/UZPlayer.swift; sourceTree = "<group>"; };
		63FD9216241D066D001B7A48 /* UZTheme1.swift */ = {isa = PBXFileReference; fileEncoding = 4; lastKnownFileType = sourcecode.swift; path = UZTheme1.swift; sourceTree = "<group>"; };
		63FD9217241D066D001B7A48 /* UZTheme3.swift */ = {isa = PBXFileReference; fileEncoding = 4; lastKnownFileType = sourcecode.swift; path = UZTheme3.swift; sourceTree = "<group>"; };
		63FD9218241D066D001B7A48 /* UZTheme7.swift */ = {isa = PBXFileReference; fileEncoding = 4; lastKnownFileType = sourcecode.swift; path = UZTheme7.swift; sourceTree = "<group>"; };
		63FD9219241D066D001B7A48 /* UZTheme5.swift */ = {isa = PBXFileReference; fileEncoding = 4; lastKnownFileType = sourcecode.swift; path = UZTheme5.swift; sourceTree = "<group>"; };
		63FD921A241D066D001B7A48 /* UZTheme2.swift */ = {isa = PBXFileReference; fileEncoding = 4; lastKnownFileType = sourcecode.swift; path = UZTheme2.swift; sourceTree = "<group>"; };
		63FD921B241D066D001B7A48 /* UZTheme4.swift */ = {isa = PBXFileReference; fileEncoding = 4; lastKnownFileType = sourcecode.swift; path = UZTheme4.swift; sourceTree = "<group>"; };
		63FD921C241D066D001B7A48 /* UZTheme6.swift */ = {isa = PBXFileReference; fileEncoding = 4; lastKnownFileType = sourcecode.swift; path = UZTheme6.swift; sourceTree = "<group>"; };
		63FD921D241D066D001B7A48 /* UZMediaOptionSelectionViewController.swift */ = {isa = PBXFileReference; fileEncoding = 4; lastKnownFileType = sourcecode.swift; path = UZMediaOptionSelectionViewController.swift; sourceTree = "<group>"; };
		63FD921E241D066D001B7A48 /* UZPlayerControlView.swift */ = {isa = PBXFileReference; fileEncoding = 4; lastKnownFileType = sourcecode.swift; path = UZPlayerControlView.swift; sourceTree = "<group>"; };
		63FD9220241D066D001B7A48 /* UZPlayerControlView+.swift */ = {isa = PBXFileReference; fileEncoding = 4; lastKnownFileType = sourcecode.swift; path = "UZPlayerControlView+.swift"; sourceTree = "<group>"; };
		63FD9221241D066D001B7A48 /* UZEndscreenView.swift */ = {isa = PBXFileReference; fileEncoding = 4; lastKnownFileType = sourcecode.swift; path = UZEndscreenView.swift; sourceTree = "<group>"; };
		63FD9222241D066D001B7A48 /* UZPlayerLayerView.swift */ = {isa = PBXFileReference; fileEncoding = 4; lastKnownFileType = sourcecode.swift; path = UZPlayerLayerView.swift; sourceTree = "<group>"; };
		63FD9223241D066D001B7A48 /* UZMediaOptionSelectionViewController+.swift */ = {isa = PBXFileReference; fileEncoding = 4; lastKnownFileType = sourcecode.swift; path = "UZMediaOptionSelectionViewController+.swift"; sourceTree = "<group>"; };
		63FD9224241D066D001B7A48 /* UZFloatingPlayerViewController.swift */ = {isa = PBXFileReference; fileEncoding = 4; lastKnownFileType = sourcecode.swift; path = UZFloatingPlayerViewController.swift; sourceTree = "<group>"; };
		63FD9228241D066D001B7A48 /* Math.swift */ = {isa = PBXFileReference; fileEncoding = 4; lastKnownFileType = sourcecode.swift; path = Math.swift; sourceTree = "<group>"; };
		63FD9229241D066D001B7A48 /* UIKit+Tweenable.swift */ = {isa = PBXFileReference; fileEncoding = 4; lastKnownFileType = sourcecode.swift; path = "UIKit+Tweenable.swift"; sourceTree = "<group>"; };
		63FD922A241D066D001B7A48 /* BezierAction.swift */ = {isa = PBXFileReference; fileEncoding = 4; lastKnownFileType = sourcecode.swift; path = BezierAction.swift; sourceTree = "<group>"; };
		63FD922B241D066D001B7A48 /* BezierPath.swift */ = {isa = PBXFileReference; fileEncoding = 4; lastKnownFileType = sourcecode.swift; path = BezierPath.swift; sourceTree = "<group>"; };
		63FD922C241D066D001B7A48 /* ActionGroup.swift */ = {isa = PBXFileReference; fileEncoding = 4; lastKnownFileType = sourcecode.swift; path = ActionGroup.swift; sourceTree = "<group>"; };
		63FD922D241D066D001B7A48 /* Animation.swift */ = {isa = PBXFileReference; fileEncoding = 4; lastKnownFileType = sourcecode.swift; path = Animation.swift; sourceTree = "<group>"; };
		63FD922E241D066D001B7A48 /* DelayAction.swift */ = {isa = PBXFileReference; fileEncoding = 4; lastKnownFileType = sourcecode.swift; path = DelayAction.swift; sourceTree = "<group>"; };
		63FD922F241D066D001B7A48 /* ReverseAction.swift */ = {isa = PBXFileReference; fileEncoding = 4; lastKnownFileType = sourcecode.swift; path = ReverseAction.swift; sourceTree = "<group>"; };
		63FD9230241D066D001B7A48 /* CoreGraphics+Tweenable.swift */ = {isa = PBXFileReference; fileEncoding = 4; lastKnownFileType = sourcecode.swift; path = "CoreGraphics+Tweenable.swift"; sourceTree = "<group>"; };
		63FD9231241D066D001B7A48 /* RunBlockAction.swift */ = {isa = PBXFileReference; fileEncoding = 4; lastKnownFileType = sourcecode.swift; path = RunBlockAction.swift; sourceTree = "<group>"; };
		63FD9232241D066D001B7A48 /* ActionScrubber.swift */ = {isa = PBXFileReference; fileEncoding = 4; lastKnownFileType = sourcecode.swift; path = ActionScrubber.swift; sourceTree = "<group>"; };
		63FD9233241D066D001B7A48 /* RepeatAction.swift */ = {isa = PBXFileReference; fileEncoding = 4; lastKnownFileType = sourcecode.swift; path = RepeatAction.swift; sourceTree = "<group>"; };
		63FD9234241D066D001B7A48 /* YoyoAction.swift */ = {isa = PBXFileReference; fileEncoding = 4; lastKnownFileType = sourcecode.swift; path = YoyoAction.swift; sourceTree = "<group>"; };
		63FD9235241D066D001B7A48 /* UIBezierPath+BezierPath.swift */ = {isa = PBXFileReference; fileEncoding = 4; lastKnownFileType = sourcecode.swift; path = "UIBezierPath+BezierPath.swift"; sourceTree = "<group>"; };
		63FD9236241D066D001B7A48 /* Easing.swift */ = {isa = PBXFileReference; fileEncoding = 4; lastKnownFileType = sourcecode.swift; path = Easing.swift; sourceTree = "<group>"; };
		63FD9237241D066D001B7A48 /* RepeatForeverAction.swift */ = {isa = PBXFileReference; fileEncoding = 4; lastKnownFileType = sourcecode.swift; path = RepeatForeverAction.swift; sourceTree = "<group>"; };
		63FD9238241D066D001B7A48 /* InterpolateAction.swift */ = {isa = PBXFileReference; fileEncoding = 4; lastKnownFileType = sourcecode.swift; path = InterpolateAction.swift; sourceTree = "<group>"; };
		63FD9239241D066D001B7A48 /* ActionScheduler.swift */ = {isa = PBXFileReference; fileEncoding = 4; lastKnownFileType = sourcecode.swift; path = ActionScheduler.swift; sourceTree = "<group>"; };
		63FD923A241D066D001B7A48 /* ArcAction.swift */ = {isa = PBXFileReference; fileEncoding = 4; lastKnownFileType = sourcecode.swift; path = ArcAction.swift; sourceTree = "<group>"; };
		63FD923B241D066D001B7A48 /* ActionSequence.swift */ = {isa = PBXFileReference; fileEncoding = 4; lastKnownFileType = sourcecode.swift; path = ActionSequence.swift; sourceTree = "<group>"; };
		63FD923C241D066D001B7A48 /* Action.swift */ = {isa = PBXFileReference; fileEncoding = 4; lastKnownFileType = sourcecode.swift; path = Action.swift; sourceTree = "<group>"; };
		63FD923D241D066D001B7A48 /* Lazy.swift */ = {isa = PBXFileReference; fileEncoding = 4; lastKnownFileType = sourcecode.swift; path = Lazy.swift; sourceTree = "<group>"; };
		63FD923E241D066D001B7A48 /* Tweenable.swift */ = {isa = PBXFileReference; fileEncoding = 4; lastKnownFileType = sourcecode.swift; path = Tweenable.swift; sourceTree = "<group>"; };
		63FD923F241D066D001B7A48 /* SwiftIcons.swift */ = {isa = PBXFileReference; fileEncoding = 4; lastKnownFileType = sourcecode.swift; path = SwiftIcons.swift; sourceTree = "<group>"; };
		63FD9240241D066D001B7A48 /* UZDeviceListTableViewController.swift */ = {isa = PBXFileReference; fileEncoding = 4; lastKnownFileType = sourcecode.swift; path = UZDeviceListTableViewController.swift; sourceTree = "<group>"; };
		63FD9241241D066D001B7A48 /* UZPlayer+.swift */ = {isa = PBXFileReference; fileEncoding = 4; lastKnownFileType = sourcecode.swift; name = "UZPlayer+.swift"; path = "Themes/UZPlayer+.swift"; sourceTree = "<group>"; };
		63FD9242241D066D001B7A48 /* UZCastingView.swift */ = {isa = PBXFileReference; fileEncoding = 4; lastKnownFileType = sourcecode.swift; path = UZCastingView.swift; sourceTree = "<group>"; };
		63FD9243241D066E001B7A48 /* UZPlayer++.swift */ = {isa = PBXFileReference; fileEncoding = 4; lastKnownFileType = sourcecode.swift; name = "UZPlayer++.swift"; path = "Themes/UZPlayer++.swift"; sourceTree = "<group>"; };
		63FD9245241D066E001B7A48 /* UZMediaResource.swift */ = {isa = PBXFileReference; fileEncoding = 4; lastKnownFileType = sourcecode.swift; path = UZMediaResource.swift; sourceTree = "<group>"; };
		63FD9246241D066E001B7A48 /* UZVisualizeInfo.swift */ = {isa = PBXFileReference; fileEncoding = 4; lastKnownFileType = sourcecode.swift; path = UZVisualizeInfo.swift; sourceTree = "<group>"; };
		63FD9247241D066E001B7A48 /* UZSubtitles.swift */ = {isa = PBXFileReference; fileEncoding = 4; lastKnownFileType = sourcecode.swift; path = UZSubtitles.swift; sourceTree = "<group>"; };
		63FD9249241D066E001B7A48 /* UZPlayerViewController.swift */ = {isa = PBXFileReference; fileEncoding = 4; lastKnownFileType = sourcecode.swift; path = UZPlayerViewController.swift; sourceTree = "<group>"; };
		63FD9285241D0722001B7A48 /* UZPlayerConfig.swift */ = {isa = PBXFileReference; fileEncoding = 4; lastKnownFileType = sourcecode.swift; path = UZPlayerConfig.swift; sourceTree = "<group>"; };
		63FD9286241D0722001B7A48 /* UZVideoItem.swift */ = {isa = PBXFileReference; fileEncoding = 4; lastKnownFileType = sourcecode.swift; path = UZVideoItem.swift; sourceTree = "<group>"; };
		63FD9287241D0722001B7A48 /* UZVideoSubtitle.swift */ = {isa = PBXFileReference; fileEncoding = 4; lastKnownFileType = sourcecode.swift; path = UZVideoSubtitle.swift; sourceTree = "<group>"; };
		63FD9290241D0890001B7A48 /* AVAudioSession+Airplay.swift */ = {isa = PBXFileReference; fileEncoding = 4; lastKnownFileType = sourcecode.swift; path = "AVAudioSession+Airplay.swift"; sourceTree = "<group>"; };
		63FD9291241D0890001B7A48 /* AVAsset+Selection.swift */ = {isa = PBXFileReference; fileEncoding = 4; lastKnownFileType = sourcecode.swift; path = "AVAsset+Selection.swift"; sourceTree = "<group>"; };
		63FD9295241D0988001B7A48 /* Icofont.ttf */ = {isa = PBXFileReference; lastKnownFileType = file; path = Icofont.ttf; sourceTree = "<group>"; };
		63FD9296241D0988001B7A48 /* MapIcons.ttf */ = {isa = PBXFileReference; lastKnownFileType = file; path = MapIcons.ttf; sourceTree = "<group>"; };
		63FD9297241D0988001B7A48 /* Dripicons.ttf */ = {isa = PBXFileReference; lastKnownFileType = file; path = Dripicons.ttf; sourceTree = "<group>"; };
		63FD9298241D0988001B7A48 /* OpenIconic.ttf */ = {isa = PBXFileReference; lastKnownFileType = file; path = OpenIconic.ttf; sourceTree = "<group>"; };
		63FD9299241D0988001B7A48 /* FontAwesomeSolid.ttf */ = {isa = PBXFileReference; lastKnownFileType = file; path = FontAwesomeSolid.ttf; sourceTree = "<group>"; };
		63FD929A241D0988001B7A48 /* WeatherIcons.ttf */ = {isa = PBXFileReference; lastKnownFileType = file; path = WeatherIcons.ttf; sourceTree = "<group>"; };
		63FD929B241D0988001B7A48 /* Ionicons.ttf */ = {isa = PBXFileReference; lastKnownFileType = file; path = Ionicons.ttf; sourceTree = "<group>"; };
		63FD929C241D0988001B7A48 /* TypIcons.ttf */ = {isa = PBXFileReference; lastKnownFileType = file; path = TypIcons.ttf; sourceTree = "<group>"; };
		63FD929D241D0988001B7A48 /* FontAwesome.ttf */ = {isa = PBXFileReference; lastKnownFileType = file; path = FontAwesome.ttf; sourceTree = "<group>"; };
		63FD929E241D0988001B7A48 /* FontAwesomeRegular.ttf */ = {isa = PBXFileReference; lastKnownFileType = file; path = FontAwesomeRegular.ttf; sourceTree = "<group>"; };
		63FD929F241D0988001B7A48 /* Stateface.ttf */ = {isa = PBXFileReference; lastKnownFileType = file; path = Stateface.ttf; sourceTree = "<group>"; };
		63FD92A0241D0988001B7A48 /* Linearicons.ttf */ = {isa = PBXFileReference; lastKnownFileType = file; path = Linearicons.ttf; sourceTree = "<group>"; };
		63FD92A1241D0988001B7A48 /* Emoji.ttf */ = {isa = PBXFileReference; lastKnownFileType = file; path = Emoji.ttf; sourceTree = "<group>"; };
		63FD92A2241D0988001B7A48 /* FontAwesomeBrands.ttf */ = {isa = PBXFileReference; lastKnownFileType = file; path = FontAwesomeBrands.ttf; sourceTree = "<group>"; };
		63FD92A3241D0988001B7A48 /* MaterialIcons.ttf */ = {isa = PBXFileReference; lastKnownFileType = file; path = MaterialIcons.ttf; sourceTree = "<group>"; };
		63FD92B3241D0CF3001B7A48 /* UZSentry.swift */ = {isa = PBXFileReference; fileEncoding = 4; lastKnownFileType = sourcecode.swift; path = UZSentry.swift; sourceTree = "<group>"; };
		63FD92B5241D0DAD001B7A48 /* UZLogger.swift */ = {isa = PBXFileReference; fileEncoding = 4; lastKnownFileType = sourcecode.swift; path = UZLogger.swift; sourceTree = "<group>"; };
		63FD92B7241D1014001B7A48 /* UIViewController+TopPresented.swift */ = {isa = PBXFileReference; fileEncoding = 4; lastKnownFileType = sourcecode.swift; path = "UIViewController+TopPresented.swift"; sourceTree = "<group>"; };
		63FD92B9241D10BE001B7A48 /* UIDevice+Extension.swift */ = {isa = PBXFileReference; fileEncoding = 4; lastKnownFileType = sourcecode.swift; path = "UIDevice+Extension.swift"; sourceTree = "<group>"; };
		63FD92BB241D12AD001B7A48 /* UIImage+Colorize.swift */ = {isa = PBXFileReference; fileEncoding = 4; lastKnownFileType = sourcecode.swift; path = "UIImage+Colorize.swift"; sourceTree = "<group>"; };
		63FD92BD241D12F1001B7A48 /* NSTimeInterval+ToString.swift */ = {isa = PBXFileReference; fileEncoding = 4; lastKnownFileType = sourcecode.swift; path = "NSTimeInterval+ToString.swift"; sourceTree = "<group>"; };
		63FD92BF241D132F001B7A48 /* Number+Extentions.swift */ = {isa = PBXFileReference; fileEncoding = 4; lastKnownFileType = sourcecode.swift; path = "Number+Extentions.swift"; sourceTree = "<group>"; };
		63FD93312420DA30001B7A48 /* UZPlayerExample.app */ = {isa = PBXFileReference; explicitFileType = wrapper.application; includeInIndex = 0; path = UZPlayerExample.app; sourceTree = BUILT_PRODUCTS_DIR; };
		63FD93332420DA30001B7A48 /* AppDelegate.swift */ = {isa = PBXFileReference; lastKnownFileType = sourcecode.swift; path = AppDelegate.swift; sourceTree = "<group>"; };
		63FD93372420DA30001B7A48 /* ViewController.swift */ = {isa = PBXFileReference; lastKnownFileType = sourcecode.swift; path = ViewController.swift; sourceTree = "<group>"; };
		63FD933C2420DA32001B7A48 /* Assets.xcassets */ = {isa = PBXFileReference; lastKnownFileType = folder.assetcatalog; path = Assets.xcassets; sourceTree = "<group>"; };
		63FD933F2420DA32001B7A48 /* Base */ = {isa = PBXFileReference; lastKnownFileType = file.storyboard; name = Base; path = Base.lproj/LaunchScreen.storyboard; sourceTree = "<group>"; };
		63FD93412420DA32001B7A48 /* Info.plist */ = {isa = PBXFileReference; lastKnownFileType = text.plist.xml; path = Info.plist; sourceTree = "<group>"; };
		63FD93452420DD25001B7A48 /* UZPlayerExample.entitlements */ = {isa = PBXFileReference; lastKnownFileType = text.plist.entitlements; path = UZPlayerExample.entitlements; sourceTree = "<group>"; };
		63FD93462420DD25001B7A48 /* ExternalAccessory.framework */ = {isa = PBXFileReference; lastKnownFileType = wrapper.framework; name = ExternalAccessory.framework; path = System/Library/Frameworks/ExternalAccessory.framework; sourceTree = SDKROOT; };
		7B44728AF8720DD46B03F511 /* Pods-UZPlayerExample.debug.xcconfig */ = {isa = PBXFileReference; includeInIndex = 1; lastKnownFileType = text.xcconfig; name = "Pods-UZPlayerExample.debug.xcconfig"; path = "Target Support Files/Pods-UZPlayerExample/Pods-UZPlayerExample.debug.xcconfig"; sourceTree = "<group>"; };
		7E74AEDE86369BFBB11F81E3 /* Pods-UZPlayer.release.xcconfig */ = {isa = PBXFileReference; includeInIndex = 1; lastKnownFileType = text.xcconfig; name = "Pods-UZPlayer.release.xcconfig"; path = "Target Support Files/Pods-UZPlayer/Pods-UZPlayer.release.xcconfig"; sourceTree = "<group>"; };
		9160F77FE5316FE51ECDD182 /* Pods_UZPlayer.framework */ = {isa = PBXFileReference; explicitFileType = wrapper.framework; includeInIndex = 0; path = Pods_UZPlayer.framework; sourceTree = BUILT_PRODUCTS_DIR; };
		F14552486BC585D144D62FA4 /* Pods_UZPlayerExample.framework */ = {isa = PBXFileReference; explicitFileType = wrapper.framework; includeInIndex = 0; path = Pods_UZPlayerExample.framework; sourceTree = BUILT_PRODUCTS_DIR; };
/* End PBXFileReference section */

/* Begin PBXFrameworksBuildPhase section */
		63FD917D241D03FA001B7A48 /* Frameworks */ = {
			isa = PBXFrameworksBuildPhase;
			buildActionMask = 2147483647;
			files = (
				CBB5C937329A98616DB952C3 /* Pods_UZPlayer.framework in Frameworks */,
			);
			runOnlyForDeploymentPostprocessing = 0;
		};
		63FD932E2420DA30001B7A48 /* Frameworks */ = {
			isa = PBXFrameworksBuildPhase;
			buildActionMask = 2147483647;
			files = (
				63FD93472420DD25001B7A48 /* ExternalAccessory.framework in Frameworks */,
				A5D29B34DC8D129D4F27876B /* Pods_UZPlayerExample.framework in Frameworks */,
			);
			runOnlyForDeploymentPostprocessing = 0;
		};
/* End PBXFrameworksBuildPhase section */

/* Begin PBXGroup section */
		0FFEB2460EB243C16EEE8983 /* Frameworks */ = {
			isa = PBXGroup;
			children = (
				63FD93462420DD25001B7A48 /* ExternalAccessory.framework */,
				9160F77FE5316FE51ECDD182 /* Pods_UZPlayer.framework */,
				F14552486BC585D144D62FA4 /* Pods_UZPlayerExample.framework */,
			);
			name = Frameworks;
			sourceTree = "<group>";
		};
		63FD9176241D03FA001B7A48 = {
			isa = PBXGroup;
			children = (
				63FD9182241D03FA001B7A48 /* UZPlayer */,
				63FD93322420DA30001B7A48 /* UZPlayerExample */,
				63FD9181241D03FA001B7A48 /* Products */,
				B6E3928F9BD8689C4935D684 /* Pods */,
				0FFEB2460EB243C16EEE8983 /* Frameworks */,
			);
			sourceTree = "<group>";
		};
		63FD9181241D03FA001B7A48 /* Products */ = {
			isa = PBXGroup;
			children = (
				63FD9180241D03FA001B7A48 /* UZPlayer.framework */,
				63FD93312420DA30001B7A48 /* UZPlayerExample.app */,
			);
			name = Products;
			sourceTree = "<group>";
		};
		63FD9182241D03FA001B7A48 /* UZPlayer */ = {
			isa = PBXGroup;
			children = (
				63FD9294241D0988001B7A48 /* Fonts */,
				63FD9226241D066D001B7A48 /* Components */,
				63FD9244241D066E001B7A48 /* Models */,
				63FD9215241D066D001B7A48 /* Themes */,
				63FD9214241D066D001B7A48 /* UZPlayer.swift */,
				63FD9241241D066D001B7A48 /* UZPlayer+.swift */,
				63FD9243241D066E001B7A48 /* UZPlayer++.swift */,
				63FD921E241D066D001B7A48 /* UZPlayerControlView.swift */,
				63FD9220241D066D001B7A48 /* UZPlayerControlView+.swift */,
				63FD920A241D066D001B7A48 /* UZCastingManager.swift */,
				63FD9242241D066D001B7A48 /* UZCastingView.swift */,
				63FD9240241D066D001B7A48 /* UZDeviceListTableViewController.swift */,
				63FD9221241D066D001B7A48 /* UZEndscreenView.swift */,
				63FD9224241D066D001B7A48 /* UZFloatingPlayerViewController.swift */,
				63FD921D241D066D001B7A48 /* UZMediaOptionSelectionViewController.swift */,
				63FD9223241D066D001B7A48 /* UZMediaOptionSelectionViewController+.swift */,
				63FD9222241D066D001B7A48 /* UZPlayerLayerView.swift */,
				63FD9249241D066E001B7A48 /* UZPlayerViewController.swift */,
				63FD920B241D066D001B7A48 /* UZVideoQualitySettingsViewController.swift */,
				63FD9183241D03FA001B7A48 /* UZPlayer.h */,
			);
			path = UZPlayer;
			sourceTree = "<group>";
		};
		63FD920C241D066D001B7A48 /* Controls */ = {
			isa = PBXGroup;
			children = (
				63FD920D241D066D001B7A48 /* UZVisualizeInformationView.swift */,
				63FD920E241D066D001B7A48 /* NKProgressView.swift */,
				63FD920F241D066D001B7A48 /* NKFloatingViewHandler.swift */,
				63FD9210241D066D001B7A48 /* UZButton.swift */,
				63FD9211241D066D001B7A48 /* UZSlider.swift */,
				63FD9212241D066D001B7A48 /* UZAirPlayButton.swift */,
				63FD9213241D066D001B7A48 /* UZCastButton.swift */,
			);
			path = Controls;
			sourceTree = "<group>";
		};
		63FD9215241D066D001B7A48 /* Themes */ = {
			isa = PBXGroup;
			children = (
				63FD9216241D066D001B7A48 /* UZTheme1.swift */,
				63FD921A241D066D001B7A48 /* UZTheme2.swift */,
				63FD9217241D066D001B7A48 /* UZTheme3.swift */,
				63FD921B241D066D001B7A48 /* UZTheme4.swift */,
				63FD9219241D066D001B7A48 /* UZTheme5.swift */,
				63FD921C241D066D001B7A48 /* UZTheme6.swift */,
				63FD9218241D066D001B7A48 /* UZTheme7.swift */,
			);
			path = Themes;
			sourceTree = "<group>";
		};
		63FD9226241D066D001B7A48 /* Components */ = {
			isa = PBXGroup;
			children = (
				63FD920C241D066D001B7A48 /* Controls */,
				63FD928B241D085C001B7A48 /* Extensions */,
				63FD9227241D066D001B7A48 /* TweenKit */,
				63FD923F241D066D001B7A48 /* SwiftIcons.swift */,
				63FD92B3241D0CF3001B7A48 /* UZSentry.swift */,
				63FD92B5241D0DAD001B7A48 /* UZLogger.swift */,
			);
			path = Components;
			sourceTree = "<group>";
		};
		63FD9227241D066D001B7A48 /* TweenKit */ = {
			isa = PBXGroup;
			children = (
				63FD9228241D066D001B7A48 /* Math.swift */,
				63FD9229241D066D001B7A48 /* UIKit+Tweenable.swift */,
				63FD922A241D066D001B7A48 /* BezierAction.swift */,
				63FD922B241D066D001B7A48 /* BezierPath.swift */,
				63FD922C241D066D001B7A48 /* ActionGroup.swift */,
				63FD922D241D066D001B7A48 /* Animation.swift */,
				63FD922E241D066D001B7A48 /* DelayAction.swift */,
				63FD922F241D066D001B7A48 /* ReverseAction.swift */,
				63FD9230241D066D001B7A48 /* CoreGraphics+Tweenable.swift */,
				63FD9231241D066D001B7A48 /* RunBlockAction.swift */,
				63FD9232241D066D001B7A48 /* ActionScrubber.swift */,
				63FD9233241D066D001B7A48 /* RepeatAction.swift */,
				63FD9234241D066D001B7A48 /* YoyoAction.swift */,
				63FD9235241D066D001B7A48 /* UIBezierPath+BezierPath.swift */,
				63FD9236241D066D001B7A48 /* Easing.swift */,
				63FD9237241D066D001B7A48 /* RepeatForeverAction.swift */,
				63FD9238241D066D001B7A48 /* InterpolateAction.swift */,
				63FD9239241D066D001B7A48 /* ActionScheduler.swift */,
				63FD923A241D066D001B7A48 /* ArcAction.swift */,
				63FD923B241D066D001B7A48 /* ActionSequence.swift */,
				63FD923C241D066D001B7A48 /* Action.swift */,
				63FD923D241D066D001B7A48 /* Lazy.swift */,
				63FD923E241D066D001B7A48 /* Tweenable.swift */,
			);
			path = TweenKit;
			sourceTree = "<group>";
		};
		63FD9244241D066E001B7A48 /* Models */ = {
			isa = PBXGroup;
			children = (
				63FD9285241D0722001B7A48 /* UZPlayerConfig.swift */,
				63FD9286241D0722001B7A48 /* UZVideoItem.swift */,
				63FD9287241D0722001B7A48 /* UZVideoSubtitle.swift */,
				63FD9245241D066E001B7A48 /* UZMediaResource.swift */,
				63FD9246241D066E001B7A48 /* UZVisualizeInfo.swift */,
				63FD9247241D066E001B7A48 /* UZSubtitles.swift */,
			);
			path = Models;
			sourceTree = "<group>";
		};
		63FD928B241D085C001B7A48 /* Extensions */ = {
			isa = PBXGroup;
			children = (
				63FD9291241D0890001B7A48 /* AVAsset+Selection.swift */,
				63FD9290241D0890001B7A48 /* AVAudioSession+Airplay.swift */,
				63FD92BF241D132F001B7A48 /* Number+Extentions.swift */,
				63FD92BD241D12F1001B7A48 /* NSTimeInterval+ToString.swift */,
				63FD92B9241D10BE001B7A48 /* UIDevice+Extension.swift */,
				63FD92BB241D12AD001B7A48 /* UIImage+Colorize.swift */,
				63FD92B7241D1014001B7A48 /* UIViewController+TopPresented.swift */,
			);
			path = Extensions;
			sourceTree = "<group>";
		};
		63FD9294241D0988001B7A48 /* Fonts */ = {
			isa = PBXGroup;
			children = (
				63FD9295241D0988001B7A48 /* Icofont.ttf */,
				63FD9296241D0988001B7A48 /* MapIcons.ttf */,
				63FD9297241D0988001B7A48 /* Dripicons.ttf */,
				63FD9298241D0988001B7A48 /* OpenIconic.ttf */,
				63FD9299241D0988001B7A48 /* FontAwesomeSolid.ttf */,
				63FD929A241D0988001B7A48 /* WeatherIcons.ttf */,
				63FD929B241D0988001B7A48 /* Ionicons.ttf */,
				63FD929C241D0988001B7A48 /* TypIcons.ttf */,
				63FD929D241D0988001B7A48 /* FontAwesome.ttf */,
				63FD929E241D0988001B7A48 /* FontAwesomeRegular.ttf */,
				63FD929F241D0988001B7A48 /* Stateface.ttf */,
				63FD92A0241D0988001B7A48 /* Linearicons.ttf */,
				63FD92A1241D0988001B7A48 /* Emoji.ttf */,
				63FD92A2241D0988001B7A48 /* FontAwesomeBrands.ttf */,
				63FD92A3241D0988001B7A48 /* MaterialIcons.ttf */,
			);
			path = Fonts;
			sourceTree = "<group>";
		};
		63FD93322420DA30001B7A48 /* UZPlayerExample */ = {
			isa = PBXGroup;
			children = (
				63FD93452420DD25001B7A48 /* UZPlayerExample.entitlements */,
				63FD93332420DA30001B7A48 /* AppDelegate.swift */,
				63FD93372420DA30001B7A48 /* ViewController.swift */,
				63FD933C2420DA32001B7A48 /* Assets.xcassets */,
				63FD933E2420DA32001B7A48 /* LaunchScreen.storyboard */,
				63FD93412420DA32001B7A48 /* Info.plist */,
			);
			path = UZPlayerExample;
			sourceTree = "<group>";
		};
		B6E3928F9BD8689C4935D684 /* Pods */ = {
			isa = PBXGroup;
			children = (
				5EDAD4638FF3E17A8184CFE1 /* Pods-UZPlayer.debug.xcconfig */,
				7E74AEDE86369BFBB11F81E3 /* Pods-UZPlayer.release.xcconfig */,
				7B44728AF8720DD46B03F511 /* Pods-UZPlayerExample.debug.xcconfig */,
				476C9AF34D933783280476F6 /* Pods-UZPlayerExample.release.xcconfig */,
			);
			path = Pods;
			sourceTree = "<group>";
		};
/* End PBXGroup section */

/* Begin PBXHeadersBuildPhase section */
		63FD917B241D03FA001B7A48 /* Headers */ = {
			isa = PBXHeadersBuildPhase;
			buildActionMask = 2147483647;
			files = (
				63FD9185241D03FA001B7A48 /* UZPlayer.h in Headers */,
			);
			runOnlyForDeploymentPostprocessing = 0;
		};
/* End PBXHeadersBuildPhase section */

/* Begin PBXNativeTarget section */
		63FD917F241D03FA001B7A48 /* UZPlayer */ = {
			isa = PBXNativeTarget;
			buildConfigurationList = 63FD9188241D03FA001B7A48 /* Build configuration list for PBXNativeTarget "UZPlayer" */;
			buildPhases = (
				E7A1B2FC3397D8AD696A21E2 /* [CP] Check Pods Manifest.lock */,
				63FD917B241D03FA001B7A48 /* Headers */,
				63FD917C241D03FA001B7A48 /* Sources */,
				63FD917D241D03FA001B7A48 /* Frameworks */,
				63FD917E241D03FA001B7A48 /* Resources */,
			);
			buildRules = (
			);
			dependencies = (
			);
			name = UZPlayer;
			productName = UZPlayer;
			productReference = 63FD9180241D03FA001B7A48 /* UZPlayer.framework */;
			productType = "com.apple.product-type.framework";
		};
		63FD93302420DA30001B7A48 /* UZPlayerExample */ = {
			isa = PBXNativeTarget;
			buildConfigurationList = 63FD93442420DA32001B7A48 /* Build configuration list for PBXNativeTarget "UZPlayerExample" */;
			buildPhases = (
				756D94CF0F938145E7779639 /* [CP] Check Pods Manifest.lock */,
				63FD932D2420DA30001B7A48 /* Sources */,
				63FD932E2420DA30001B7A48 /* Frameworks */,
				63FD932F2420DA30001B7A48 /* Resources */,
				F5C0B00DD2FA6CCEFF23B00E /* [CP] Embed Pods Frameworks */,
			);
			buildRules = (
			);
			dependencies = (
			);
			name = UZPlayerExample;
			productName = UZPlayerExample;
			productReference = 63FD93312420DA30001B7A48 /* UZPlayerExample.app */;
			productType = "com.apple.product-type.application";
		};
/* End PBXNativeTarget section */

/* Begin PBXProject section */
		63FD9177241D03FA001B7A48 /* Project object */ = {
			isa = PBXProject;
			attributes = {
				LastSwiftUpdateCheck = 1130;
				LastUpgradeCheck = 1130;
				ORGANIZATIONNAME = "Nam Kennic";
				TargetAttributes = {
					63FD917F241D03FA001B7A48 = {
						CreatedOnToolsVersion = 11.3.1;
						LastSwiftMigration = 1130;
					};
					63FD93302420DA30001B7A48 = {
						CreatedOnToolsVersion = 11.3.1;
					};
				};
			};
			buildConfigurationList = 63FD917A241D03FA001B7A48 /* Build configuration list for PBXProject "UZPlayer" */;
			compatibilityVersion = "Xcode 9.3";
			developmentRegion = en;
			hasScannedForEncodings = 0;
			knownRegions = (
				en,
				Base,
			);
			mainGroup = 63FD9176241D03FA001B7A48;
			productRefGroup = 63FD9181241D03FA001B7A48 /* Products */;
			projectDirPath = "";
			projectRoot = "";
			targets = (
				63FD917F241D03FA001B7A48 /* UZPlayer */,
				63FD93302420DA30001B7A48 /* UZPlayerExample */,
			);
		};
/* End PBXProject section */

/* Begin PBXResourcesBuildPhase section */
		63FD917E241D03FA001B7A48 /* Resources */ = {
			isa = PBXResourcesBuildPhase;
			buildActionMask = 2147483647;
			files = (
				63FD92AE241D0988001B7A48 /* Stateface.ttf in Resources */,
				63FD92B1241D0988001B7A48 /* FontAwesomeBrands.ttf in Resources */,
				63FD92B2241D0988001B7A48 /* MaterialIcons.ttf in Resources */,
				63FD92A5241D0988001B7A48 /* MapIcons.ttf in Resources */,
				63FD92AB241D0988001B7A48 /* TypIcons.ttf in Resources */,
				63FD92A7241D0988001B7A48 /* OpenIconic.ttf in Resources */,
				63FD92A6241D0988001B7A48 /* Dripicons.ttf in Resources */,
				63FD92AD241D0988001B7A48 /* FontAwesomeRegular.ttf in Resources */,
				63FD92AF241D0988001B7A48 /* Linearicons.ttf in Resources */,
				63FD92AA241D0988001B7A48 /* Ionicons.ttf in Resources */,
				63FD92AC241D0988001B7A48 /* FontAwesome.ttf in Resources */,
				63FD92A8241D0988001B7A48 /* FontAwesomeSolid.ttf in Resources */,
				63FD92A9241D0988001B7A48 /* WeatherIcons.ttf in Resources */,
				63FD92A4241D0988001B7A48 /* Icofont.ttf in Resources */,
				63FD92B0241D0988001B7A48 /* Emoji.ttf in Resources */,
			);
			runOnlyForDeploymentPostprocessing = 0;
		};
		63FD932F2420DA30001B7A48 /* Resources */ = {
			isa = PBXResourcesBuildPhase;
			buildActionMask = 2147483647;
			files = (
				230BA8992474F053009C09B1 /* FontAwesomeRegular.ttf in Resources */,
				230BA8952474F053009C09B1 /* WeatherIcons.ttf in Resources */,
				230BA8982474F053009C09B1 /* FontAwesome.ttf in Resources */,
				230BA89D2474F053009C09B1 /* FontAwesomeBrands.ttf in Resources */,
				230BA8972474F053009C09B1 /* TypIcons.ttf in Resources */,
				230BA8922474F053009C09B1 /* Dripicons.ttf in Resources */,
				230BA8962474F053009C09B1 /* Ionicons.ttf in Resources */,
				230BA89B2474F053009C09B1 /* Linearicons.ttf in Resources */,
				63FD93402420DA32001B7A48 /* LaunchScreen.storyboard in Resources */,
				230BA8902474F053009C09B1 /* Icofont.ttf in Resources */,
				230BA89A2474F053009C09B1 /* Stateface.ttf in Resources */,
				230BA89E2474F053009C09B1 /* MaterialIcons.ttf in Resources */,
				230BA8932474F053009C09B1 /* OpenIconic.ttf in Resources */,
				230BA8912474F053009C09B1 /* MapIcons.ttf in Resources */,
				230BA89C2474F053009C09B1 /* Emoji.ttf in Resources */,
				230BA8942474F053009C09B1 /* FontAwesomeSolid.ttf in Resources */,
				63FD933D2420DA32001B7A48 /* Assets.xcassets in Resources */,
			);
			runOnlyForDeploymentPostprocessing = 0;
		};
/* End PBXResourcesBuildPhase section */

/* Begin PBXShellScriptBuildPhase section */
		756D94CF0F938145E7779639 /* [CP] Check Pods Manifest.lock */ = {
			isa = PBXShellScriptBuildPhase;
			buildActionMask = 2147483647;
			files = (
			);
			inputFileListPaths = (
			);
			inputPaths = (
				"${PODS_PODFILE_DIR_PATH}/Podfile.lock",
				"${PODS_ROOT}/Manifest.lock",
			);
			name = "[CP] Check Pods Manifest.lock";
			outputFileListPaths = (
			);
			outputPaths = (
				"$(DERIVED_FILE_DIR)/Pods-UZPlayerExample-checkManifestLockResult.txt",
			);
			runOnlyForDeploymentPostprocessing = 0;
			shellPath = /bin/sh;
			shellScript = "diff \"${PODS_PODFILE_DIR_PATH}/Podfile.lock\" \"${PODS_ROOT}/Manifest.lock\" > /dev/null\nif [ $? != 0 ] ; then\n    # print error to STDERR\n    echo \"error: The sandbox is not in sync with the Podfile.lock. Run 'pod install' or update your CocoaPods installation.\" >&2\n    exit 1\nfi\n# This output is used by Xcode 'outputs' to avoid re-running this script phase.\necho \"SUCCESS\" > \"${SCRIPT_OUTPUT_FILE_0}\"\n";
			showEnvVarsInLog = 0;
		};
		E7A1B2FC3397D8AD696A21E2 /* [CP] Check Pods Manifest.lock */ = {
			isa = PBXShellScriptBuildPhase;
			buildActionMask = 2147483647;
			files = (
			);
			inputFileListPaths = (
			);
			inputPaths = (
				"${PODS_PODFILE_DIR_PATH}/Podfile.lock",
				"${PODS_ROOT}/Manifest.lock",
			);
			name = "[CP] Check Pods Manifest.lock";
			outputFileListPaths = (
			);
			outputPaths = (
				"$(DERIVED_FILE_DIR)/Pods-UZPlayer-checkManifestLockResult.txt",
			);
			runOnlyForDeploymentPostprocessing = 0;
			shellPath = /bin/sh;
			shellScript = "diff \"${PODS_PODFILE_DIR_PATH}/Podfile.lock\" \"${PODS_ROOT}/Manifest.lock\" > /dev/null\nif [ $? != 0 ] ; then\n    # print error to STDERR\n    echo \"error: The sandbox is not in sync with the Podfile.lock. Run 'pod install' or update your CocoaPods installation.\" >&2\n    exit 1\nfi\n# This output is used by Xcode 'outputs' to avoid re-running this script phase.\necho \"SUCCESS\" > \"${SCRIPT_OUTPUT_FILE_0}\"\n";
			showEnvVarsInLog = 0;
		};
		F5C0B00DD2FA6CCEFF23B00E /* [CP] Embed Pods Frameworks */ = {
			isa = PBXShellScriptBuildPhase;
			buildActionMask = 2147483647;
			files = (
			);
			inputFileListPaths = (
				"${PODS_ROOT}/Target Support Files/Pods-UZPlayerExample/Pods-UZPlayerExample-frameworks-${CONFIGURATION}-input-files.xcfilelist",
			);
			name = "[CP] Embed Pods Frameworks";
			outputFileListPaths = (
				"${PODS_ROOT}/Target Support Files/Pods-UZPlayerExample/Pods-UZPlayerExample-frameworks-${CONFIGURATION}-output-files.xcfilelist",
			);
			runOnlyForDeploymentPostprocessing = 0;
			shellPath = /bin/sh;
			shellScript = "\"${PODS_ROOT}/Target Support Files/Pods-UZPlayerExample/Pods-UZPlayerExample-frameworks.sh\"\n";
			showEnvVarsInLog = 0;
		};
/* End PBXShellScriptBuildPhase section */

/* Begin PBXSourcesBuildPhase section */
		63FD917C241D03FA001B7A48 /* Sources */ = {
			isa = PBXSourcesBuildPhase;
			buildActionMask = 2147483647;
			files = (
				63FD9268241D066E001B7A48 /* ActionGroup.swift in Sources */,
				63FD9267241D066E001B7A48 /* BezierPath.swift in Sources */,
				63FD9274241D066E001B7A48 /* InterpolateAction.swift in Sources */,
				63FD927D241D066E001B7A48 /* UZPlayer+.swift in Sources */,
				63FD924F241D066E001B7A48 /* UZButton.swift in Sources */,
				63FD9289241D0722001B7A48 /* UZVideoItem.swift in Sources */,
				63FD92B4241D0CF3001B7A48 /* UZSentry.swift in Sources */,
				63FD926D241D066E001B7A48 /* RunBlockAction.swift in Sources */,
				63FD926A241D066E001B7A48 /* DelayAction.swift in Sources */,
				63FD928A241D0722001B7A48 /* UZVideoSubtitle.swift in Sources */,
				63FD9276241D066E001B7A48 /* ArcAction.swift in Sources */,
				63FD92BA241D10BE001B7A48 /* UIDevice+Extension.swift in Sources */,
				63FD9253241D066E001B7A48 /* UZPlayer.swift in Sources */,
				63FD9265241D066E001B7A48 /* UIKit+Tweenable.swift in Sources */,
				63FD9272241D066E001B7A48 /* Easing.swift in Sources */,
				63FD9280241D066E001B7A48 /* UZMediaResource.swift in Sources */,
				230BA8A22474F463009C09B1 /* UZTheme2.swift in Sources */,
				63FD927F241D066E001B7A48 /* UZPlayer++.swift in Sources */,
				63FD924D241D066E001B7A48 /* NKProgressView.swift in Sources */,
				63FD92BE241D12F1001B7A48 /* NSTimeInterval+ToString.swift in Sources */,
				230BA8AB247502A6009C09B1 /* UZTheme6.swift in Sources */,
				63FD9292241D0890001B7A48 /* AVAudioSession+Airplay.swift in Sources */,
				63FD925E241D066E001B7A48 /* UZPlayerControlView+.swift in Sources */,
				63FD9261241D066E001B7A48 /* UZMediaOptionSelectionViewController+.swift in Sources */,
				63FD9269241D066E001B7A48 /* Animation.swift in Sources */,
				63FD9271241D066E001B7A48 /* UIBezierPath+BezierPath.swift in Sources */,
				63FD926E241D066E001B7A48 /* ActionScrubber.swift in Sources */,
				63FD9284241D066E001B7A48 /* UZPlayerViewController.swift in Sources */,
				63FD927E241D066E001B7A48 /* UZCastingView.swift in Sources */,
				63FD9266241D066E001B7A48 /* BezierAction.swift in Sources */,
				63FD9293241D0890001B7A48 /* AVAsset+Selection.swift in Sources */,
				63FD927A241D066E001B7A48 /* Tweenable.swift in Sources */,
				63FD926F241D066E001B7A48 /* RepeatAction.swift in Sources */,
				63FD925F241D066E001B7A48 /* UZEndscreenView.swift in Sources */,
				63FD924C241D066E001B7A48 /* UZVisualizeInformationView.swift in Sources */,
				63FD9252241D066E001B7A48 /* UZCastButton.swift in Sources */,
				63FD9264241D066E001B7A48 /* Math.swift in Sources */,
				63FD9262241D066E001B7A48 /* UZFloatingPlayerViewController.swift in Sources */,
				63FD9260241D066E001B7A48 /* UZPlayerLayerView.swift in Sources */,
				63FD924E241D066E001B7A48 /* NKFloatingViewHandler.swift in Sources */,
				63FD926C241D066E001B7A48 /* CoreGraphics+Tweenable.swift in Sources */,
				230BA8A924750182009C09B1 /* UZTheme5.swift in Sources */,
				63FD9254241D066E001B7A48 /* UZTheme1.swift in Sources */,
				63FD9275241D066E001B7A48 /* ActionScheduler.swift in Sources */,
				63FD9277241D066E001B7A48 /* ActionSequence.swift in Sources */,
				63FD925B241D066E001B7A48 /* UZMediaOptionSelectionViewController.swift in Sources */,
				63FD927B241D066E001B7A48 /* SwiftIcons.swift in Sources */,
				63FD9250241D066E001B7A48 /* UZSlider.swift in Sources */,
				63FD9251241D066E001B7A48 /* UZAirPlayButton.swift in Sources */,
				63FD9279241D066E001B7A48 /* Lazy.swift in Sources */,
				230BA8AD24750554009C09B1 /* UZTheme7.swift in Sources */,
				63FD92BC241D12AD001B7A48 /* UIImage+Colorize.swift in Sources */,
				63FD9278241D066E001B7A48 /* Action.swift in Sources */,
				63FD924B241D066E001B7A48 /* UZVideoQualitySettingsViewController.swift in Sources */,
				63FD925C241D066E001B7A48 /* UZPlayerControlView.swift in Sources */,
				63FD9273241D066E001B7A48 /* RepeatForeverAction.swift in Sources */,
				63FD926B241D066E001B7A48 /* ReverseAction.swift in Sources */,
				63FD92B6241D0DAD001B7A48 /* UZLogger.swift in Sources */,
				63FD92C0241D132F001B7A48 /* Number+Extentions.swift in Sources */,
				230BA8A62474FEF6009C09B1 /* UZTheme4.swift in Sources */,
				63FD924A241D066E001B7A48 /* UZCastingManager.swift in Sources */,
				63FD9282241D066E001B7A48 /* UZSubtitles.swift in Sources */,
				63FD92B8241D1014001B7A48 /* UIViewController+TopPresented.swift in Sources */,
				63FD9270241D066E001B7A48 /* YoyoAction.swift in Sources */,
				63FD927C241D066E001B7A48 /* UZDeviceListTableViewController.swift in Sources */,
				63FD9281241D066E001B7A48 /* UZVisualizeInfo.swift in Sources */,
				230BA8A52474FC12009C09B1 /* UZTheme3.swift in Sources */,
				63FD9288241D0722001B7A48 /* UZPlayerConfig.swift in Sources */,
			);
			runOnlyForDeploymentPostprocessing = 0;
		};
		63FD932D2420DA30001B7A48 /* Sources */ = {
			isa = PBXSourcesBuildPhase;
			buildActionMask = 2147483647;
			files = (
				230BA8752474F043009C09B1 /* ActionScrubber.swift in Sources */,
				230BA8A72474FEF7009C09B1 /* UZTheme4.swift in Sources */,
				230BA8882474F047009C09B1 /* UIViewController+TopPresented.swift in Sources */,
				230BA88B2474F04B009C09B1 /* NKFloatingViewHandler.swift in Sources */,
				230BA87B2474F043009C09B1 /* InterpolateAction.swift in Sources */,
				230BA85A2474F036009C09B1 /* UZPlayerControlView+.swift in Sources */,
				230BA85D2474F036009C09B1 /* UZDeviceListTableViewController.swift in Sources */,
				230BA86A2474F03B009C09B1 /* UZSubtitles.swift in Sources */,
				230BA86F2474F043009C09B1 /* ActionGroup.swift in Sources */,
				230BA8A02474F0CF009C09B1 /* UZSentry.swift in Sources */,
				230BA85C2474F036009C09B1 /* UZCastingView.swift in Sources */,
				230BA88E2474F04B009C09B1 /* UZAirPlayButton.swift in Sources */,
				230BA8A32474F463009C09B1 /* UZTheme2.swift in Sources */,
				230BA88A2474F04B009C09B1 /* NKProgressView.swift in Sources */,
				230BA86B2474F043009C09B1 /* Math.swift in Sources */,
				230BA89F2474F0CC009C09B1 /* SwiftIcons.swift in Sources */,
				230BA8632474F036009C09B1 /* UZPlayerViewController.swift in Sources */,
				230BA86C2474F043009C09B1 /* UIKit+Tweenable.swift in Sources */,
				230BA8772474F043009C09B1 /* YoyoAction.swift in Sources */,
				230BA8722474F043009C09B1 /* ReverseAction.swift in Sources */,
				230BA8782474F043009C09B1 /* UIBezierPath+BezierPath.swift in Sources */,
				230BA8862474F047009C09B1 /* UIDevice+Extension.swift in Sources */,
				230BA8732474F043009C09B1 /* CoreGraphics+Tweenable.swift in Sources */,
				63FD93382420DA30001B7A48 /* ViewController.swift in Sources */,
				230BA8662474F03B009C09B1 /* UZVideoItem.swift in Sources */,
				230BA8582474F036009C09B1 /* UZPlayer++.swift in Sources */,
				230BA8AC24750554009C09B1 /* UZTheme7.swift in Sources */,
				230BA8712474F043009C09B1 /* DelayAction.swift in Sources */,
				230BA8892474F04B009C09B1 /* UZVisualizeInformationView.swift in Sources */,
				230BA8832474F047009C09B1 /* AVAudioSession+Airplay.swift in Sources */,
				230BA8642474F036009C09B1 /* UZVideoQualitySettingsViewController.swift in Sources */,
				230BA87D2474F043009C09B1 /* ArcAction.swift in Sources */,
				230BA8562474F036009C09B1 /* UZPlayer.swift in Sources */,
				230BA8622474F036009C09B1 /* UZPlayerLayerView.swift in Sources */,
				230BA88C2474F04B009C09B1 /* UZButton.swift in Sources */,
				230BA87A2474F043009C09B1 /* RepeatForeverAction.swift in Sources */,
				230BA8A42474FC11009C09B1 /* UZTheme3.swift in Sources */,
				230BA8A824750182009C09B1 /* UZTheme5.swift in Sources */,
				230BA8852474F047009C09B1 /* NSTimeInterval+ToString.swift in Sources */,
				230BA8812474F043009C09B1 /* Tweenable.swift in Sources */,
				230BA8872474F047009C09B1 /* UIImage+Colorize.swift in Sources */,
				230BA86E2474F043009C09B1 /* BezierPath.swift in Sources */,
				230BA8672474F03B009C09B1 /* UZVideoSubtitle.swift in Sources */,
				230BA88F2474F04B009C09B1 /* UZCastButton.swift in Sources */,
				230BA8592474F036009C09B1 /* UZPlayerControlView.swift in Sources */,
				230BA87E2474F043009C09B1 /* ActionSequence.swift in Sources */,
				230BA8652474F03B009C09B1 /* UZPlayerConfig.swift in Sources */,
				230BA87F2474F043009C09B1 /* Action.swift in Sources */,
				230BA8802474F043009C09B1 /* Lazy.swift in Sources */,
				230BA8682474F03B009C09B1 /* UZMediaResource.swift in Sources */,
				230BA85B2474F036009C09B1 /* UZCastingManager.swift in Sources */,
				230BA8762474F043009C09B1 /* RepeatAction.swift in Sources */,
				230BA8742474F043009C09B1 /* RunBlockAction.swift in Sources */,
				230BA8602474F036009C09B1 /* UZMediaOptionSelectionViewController.swift in Sources */,
				230BA86D2474F043009C09B1 /* BezierAction.swift in Sources */,
				230BA8572474F036009C09B1 /* UZPlayer+.swift in Sources */,
				230BA85E2474F036009C09B1 /* UZEndscreenView.swift in Sources */,
				230BA8552474F036009C09B1 /* UZTheme1.swift in Sources */,
				230BA8612474F036009C09B1 /* UZMediaOptionSelectionViewController+.swift in Sources */,
				230BA8AA247502A6009C09B1 /* UZTheme6.swift in Sources */,
				230BA8692474F03B009C09B1 /* UZVisualizeInfo.swift in Sources */,
				230BA8822474F047009C09B1 /* AVAsset+Selection.swift in Sources */,
				230BA8A12474F0CF009C09B1 /* UZLogger.swift in Sources */,
				230BA87C2474F043009C09B1 /* ActionScheduler.swift in Sources */,
				230BA88D2474F04B009C09B1 /* UZSlider.swift in Sources */,
				230BA8792474F043009C09B1 /* Easing.swift in Sources */,
				230BA85F2474F036009C09B1 /* UZFloatingPlayerViewController.swift in Sources */,
				230BA8842474F047009C09B1 /* Number+Extentions.swift in Sources */,
				230BA8702474F043009C09B1 /* Animation.swift in Sources */,
				63FD93342420DA30001B7A48 /* AppDelegate.swift in Sources */,
			);
			runOnlyForDeploymentPostprocessing = 0;
		};
/* End PBXSourcesBuildPhase section */

/* Begin PBXVariantGroup section */
		63FD933E2420DA32001B7A48 /* LaunchScreen.storyboard */ = {
			isa = PBXVariantGroup;
			children = (
				63FD933F2420DA32001B7A48 /* Base */,
			);
			name = LaunchScreen.storyboard;
			sourceTree = "<group>";
		};
/* End PBXVariantGroup section */

/* Begin XCBuildConfiguration section */
		63FD9186241D03FA001B7A48 /* Debug */ = {
			isa = XCBuildConfiguration;
			buildSettings = {
				ALWAYS_SEARCH_USER_PATHS = NO;
				CLANG_ANALYZER_NONNULL = YES;
				CLANG_ANALYZER_NUMBER_OBJECT_CONVERSION = YES_AGGRESSIVE;
				CLANG_CXX_LANGUAGE_STANDARD = "gnu++14";
				CLANG_CXX_LIBRARY = "libc++";
				CLANG_ENABLE_MODULES = YES;
				CLANG_ENABLE_OBJC_ARC = YES;
				CLANG_ENABLE_OBJC_WEAK = YES;
				CLANG_WARN_BLOCK_CAPTURE_AUTORELEASING = YES;
				CLANG_WARN_BOOL_CONVERSION = YES;
				CLANG_WARN_COMMA = YES;
				CLANG_WARN_CONSTANT_CONVERSION = YES;
				CLANG_WARN_DEPRECATED_OBJC_IMPLEMENTATIONS = YES;
				CLANG_WARN_DIRECT_OBJC_ISA_USAGE = YES_ERROR;
				CLANG_WARN_DOCUMENTATION_COMMENTS = YES;
				CLANG_WARN_EMPTY_BODY = YES;
				CLANG_WARN_ENUM_CONVERSION = YES;
				CLANG_WARN_INFINITE_RECURSION = YES;
				CLANG_WARN_INT_CONVERSION = YES;
				CLANG_WARN_NON_LITERAL_NULL_CONVERSION = YES;
				CLANG_WARN_OBJC_IMPLICIT_RETAIN_SELF = YES;
				CLANG_WARN_OBJC_LITERAL_CONVERSION = YES;
				CLANG_WARN_OBJC_ROOT_CLASS = YES_ERROR;
				CLANG_WARN_RANGE_LOOP_ANALYSIS = YES;
				CLANG_WARN_STRICT_PROTOTYPES = YES;
				CLANG_WARN_SUSPICIOUS_MOVE = YES;
				CLANG_WARN_UNGUARDED_AVAILABILITY = YES_AGGRESSIVE;
				CLANG_WARN_UNREACHABLE_CODE = YES;
				CLANG_WARN__DUPLICATE_METHOD_MATCH = YES;
				COPY_PHASE_STRIP = NO;
				CURRENT_PROJECT_VERSION = 1;
				DEBUG_INFORMATION_FORMAT = dwarf;
				ENABLE_STRICT_OBJC_MSGSEND = YES;
				ENABLE_TESTABILITY = YES;
				GCC_C_LANGUAGE_STANDARD = gnu11;
				GCC_DYNAMIC_NO_PIC = NO;
				GCC_NO_COMMON_BLOCKS = YES;
				GCC_OPTIMIZATION_LEVEL = 0;
				GCC_PREPROCESSOR_DEFINITIONS = (
					"DEBUG=1",
					"$(inherited)",
				);
				GCC_WARN_64_TO_32_BIT_CONVERSION = YES;
				GCC_WARN_ABOUT_RETURN_TYPE = YES_ERROR;
				GCC_WARN_UNDECLARED_SELECTOR = YES;
				GCC_WARN_UNINITIALIZED_AUTOS = YES_AGGRESSIVE;
				GCC_WARN_UNUSED_FUNCTION = YES;
				GCC_WARN_UNUSED_VARIABLE = YES;
				IPHONEOS_DEPLOYMENT_TARGET = 13.2;
				MTL_ENABLE_DEBUG_INFO = INCLUDE_SOURCE;
				MTL_FAST_MATH = YES;
				ONLY_ACTIVE_ARCH = YES;
				SDKROOT = iphoneos;
				SWIFT_ACTIVE_COMPILATION_CONDITIONS = DEBUG;
				SWIFT_OPTIMIZATION_LEVEL = "-Onone";
				VERSIONING_SYSTEM = "apple-generic";
				VERSION_INFO_PREFIX = "";
			};
			name = Debug;
		};
		63FD9187241D03FA001B7A48 /* Release */ = {
			isa = XCBuildConfiguration;
			buildSettings = {
				ALWAYS_SEARCH_USER_PATHS = NO;
				CLANG_ANALYZER_NONNULL = YES;
				CLANG_ANALYZER_NUMBER_OBJECT_CONVERSION = YES_AGGRESSIVE;
				CLANG_CXX_LANGUAGE_STANDARD = "gnu++14";
				CLANG_CXX_LIBRARY = "libc++";
				CLANG_ENABLE_MODULES = YES;
				CLANG_ENABLE_OBJC_ARC = YES;
				CLANG_ENABLE_OBJC_WEAK = YES;
				CLANG_WARN_BLOCK_CAPTURE_AUTORELEASING = YES;
				CLANG_WARN_BOOL_CONVERSION = YES;
				CLANG_WARN_COMMA = YES;
				CLANG_WARN_CONSTANT_CONVERSION = YES;
				CLANG_WARN_DEPRECATED_OBJC_IMPLEMENTATIONS = YES;
				CLANG_WARN_DIRECT_OBJC_ISA_USAGE = YES_ERROR;
				CLANG_WARN_DOCUMENTATION_COMMENTS = YES;
				CLANG_WARN_EMPTY_BODY = YES;
				CLANG_WARN_ENUM_CONVERSION = YES;
				CLANG_WARN_INFINITE_RECURSION = YES;
				CLANG_WARN_INT_CONVERSION = YES;
				CLANG_WARN_NON_LITERAL_NULL_CONVERSION = YES;
				CLANG_WARN_OBJC_IMPLICIT_RETAIN_SELF = YES;
				CLANG_WARN_OBJC_LITERAL_CONVERSION = YES;
				CLANG_WARN_OBJC_ROOT_CLASS = YES_ERROR;
				CLANG_WARN_RANGE_LOOP_ANALYSIS = YES;
				CLANG_WARN_STRICT_PROTOTYPES = YES;
				CLANG_WARN_SUSPICIOUS_MOVE = YES;
				CLANG_WARN_UNGUARDED_AVAILABILITY = YES_AGGRESSIVE;
				CLANG_WARN_UNREACHABLE_CODE = YES;
				CLANG_WARN__DUPLICATE_METHOD_MATCH = YES;
				COPY_PHASE_STRIP = NO;
				CURRENT_PROJECT_VERSION = 1;
				DEBUG_INFORMATION_FORMAT = "dwarf-with-dsym";
				ENABLE_NS_ASSERTIONS = NO;
				ENABLE_STRICT_OBJC_MSGSEND = YES;
				GCC_C_LANGUAGE_STANDARD = gnu11;
				GCC_NO_COMMON_BLOCKS = YES;
				GCC_WARN_64_TO_32_BIT_CONVERSION = YES;
				GCC_WARN_ABOUT_RETURN_TYPE = YES_ERROR;
				GCC_WARN_UNDECLARED_SELECTOR = YES;
				GCC_WARN_UNINITIALIZED_AUTOS = YES_AGGRESSIVE;
				GCC_WARN_UNUSED_FUNCTION = YES;
				GCC_WARN_UNUSED_VARIABLE = YES;
				IPHONEOS_DEPLOYMENT_TARGET = 13.2;
				MTL_ENABLE_DEBUG_INFO = NO;
				MTL_FAST_MATH = YES;
				SDKROOT = iphoneos;
				SWIFT_COMPILATION_MODE = wholemodule;
				SWIFT_OPTIMIZATION_LEVEL = "-O";
				VALIDATE_PRODUCT = YES;
				VERSIONING_SYSTEM = "apple-generic";
				VERSION_INFO_PREFIX = "";
			};
			name = Release;
		};
		63FD9189241D03FA001B7A48 /* Debug */ = {
			isa = XCBuildConfiguration;
			baseConfigurationReference = 5EDAD4638FF3E17A8184CFE1 /* Pods-UZPlayer.debug.xcconfig */;
			buildSettings = {
				CLANG_ENABLE_MODULES = YES;
				CODE_SIGN_STYLE = Automatic;
				DEFINES_MODULE = YES;
				DEVELOPMENT_TEAM = 385YL4KG69;
				DYLIB_COMPATIBILITY_VERSION = 1;
				DYLIB_CURRENT_VERSION = 1;
				DYLIB_INSTALL_NAME_BASE = "@rpath";
				INFOPLIST_FILE = "";
				INSTALL_PATH = "$(LOCAL_LIBRARY_DIR)/Frameworks";
				IPHONEOS_DEPLOYMENT_TARGET = 10.0;
				LD_RUNPATH_SEARCH_PATHS = (
					"$(inherited)",
					"@executable_path/Frameworks",
					"@loader_path/Frameworks",
				);
				PRODUCT_BUNDLE_IDENTIFIER = com.uiza.UZPlayer;
				PRODUCT_NAME = "$(TARGET_NAME:c99extidentifier)";
				SKIP_INSTALL = NO;
				SUPPORTS_MACCATALYST = NO;
				SWIFT_OPTIMIZATION_LEVEL = "-Onone";
				SWIFT_VERSION = 4.2;
				TARGETED_DEVICE_FAMILY = "1,2";
			};
			name = Debug;
		};
		63FD918A241D03FA001B7A48 /* Release */ = {
			isa = XCBuildConfiguration;
			baseConfigurationReference = 7E74AEDE86369BFBB11F81E3 /* Pods-UZPlayer.release.xcconfig */;
			buildSettings = {
				CLANG_ENABLE_MODULES = YES;
				CODE_SIGN_STYLE = Automatic;
				DEFINES_MODULE = YES;
				DEVELOPMENT_TEAM = 385YL4KG69;
				DYLIB_COMPATIBILITY_VERSION = 1;
				DYLIB_CURRENT_VERSION = 1;
				DYLIB_INSTALL_NAME_BASE = "@rpath";
				INFOPLIST_FILE = "";
				INSTALL_PATH = "$(LOCAL_LIBRARY_DIR)/Frameworks";
				IPHONEOS_DEPLOYMENT_TARGET = 10.0;
				LD_RUNPATH_SEARCH_PATHS = (
					"$(inherited)",
					"@executable_path/Frameworks",
					"@loader_path/Frameworks",
				);
				PRODUCT_BUNDLE_IDENTIFIER = com.uiza.UZPlayer;
				PRODUCT_NAME = "$(TARGET_NAME:c99extidentifier)";
				SKIP_INSTALL = NO;
				SUPPORTS_MACCATALYST = NO;
				SWIFT_VERSION = 4.2;
				TARGETED_DEVICE_FAMILY = "1,2";
			};
			name = Release;
		};
		63FD93422420DA32001B7A48 /* Debug */ = {
			isa = XCBuildConfiguration;
			baseConfigurationReference = 7B44728AF8720DD46B03F511 /* Pods-UZPlayerExample.debug.xcconfig */;
			buildSettings = {
				ASSETCATALOG_COMPILER_APPICON_NAME = AppIcon;
				CODE_SIGN_ENTITLEMENTS = UZPlayerExample/UZPlayerExample.entitlements;
				CODE_SIGN_STYLE = Automatic;
				DEVELOPMENT_TEAM = 385YL4KG69;
				INFOPLIST_FILE = UZPlayerExample/Info.plist;
				LD_RUNPATH_SEARCH_PATHS = (
					"$(inherited)",
					"@executable_path/Frameworks",
				);
				PRODUCT_BUNDLE_IDENTIFIER = com.uiza.UZPlayerExample;
				PRODUCT_NAME = "$(TARGET_NAME)";
				SWIFT_VERSION = 5.0;
				TARGETED_DEVICE_FAMILY = "1,2";
			};
			name = Debug;
		};
		63FD93432420DA32001B7A48 /* Release */ = {
			isa = XCBuildConfiguration;
			baseConfigurationReference = 476C9AF34D933783280476F6 /* Pods-UZPlayerExample.release.xcconfig */;
			buildSettings = {
				ASSETCATALOG_COMPILER_APPICON_NAME = AppIcon;
				CODE_SIGN_ENTITLEMENTS = UZPlayerExample/UZPlayerExample.entitlements;
				CODE_SIGN_STYLE = Automatic;
				DEVELOPMENT_TEAM = 385YL4KG69;
				INFOPLIST_FILE = UZPlayerExample/Info.plist;
				LD_RUNPATH_SEARCH_PATHS = (
					"$(inherited)",
					"@executable_path/Frameworks",
				);
				PRODUCT_BUNDLE_IDENTIFIER = com.uiza.UZPlayerExample;
				PRODUCT_NAME = "$(TARGET_NAME)";
				SWIFT_VERSION = 5.0;
				TARGETED_DEVICE_FAMILY = "1,2";
			};
			name = Release;
		};
/* End XCBuildConfiguration section */

/* Begin XCConfigurationList section */
		63FD917A241D03FA001B7A48 /* Build configuration list for PBXProject "UZPlayer" */ = {
			isa = XCConfigurationList;
			buildConfigurations = (
				63FD9186241D03FA001B7A48 /* Debug */,
				63FD9187241D03FA001B7A48 /* Release */,
			);
			defaultConfigurationIsVisible = 0;
			defaultConfigurationName = Release;
		};
		63FD9188241D03FA001B7A48 /* Build configuration list for PBXNativeTarget "UZPlayer" */ = {
			isa = XCConfigurationList;
			buildConfigurations = (
				63FD9189241D03FA001B7A48 /* Debug */,
				63FD918A241D03FA001B7A48 /* Release */,
			);
			defaultConfigurationIsVisible = 0;
			defaultConfigurationName = Release;
		};
		63FD93442420DA32001B7A48 /* Build configuration list for PBXNativeTarget "UZPlayerExample" */ = {
			isa = XCConfigurationList;
			buildConfigurations = (
				63FD93422420DA32001B7A48 /* Debug */,
				63FD93432420DA32001B7A48 /* Release */,
			);
			defaultConfigurationIsVisible = 0;
			defaultConfigurationName = Release;
		};
/* End XCConfigurationList section */
	};
	rootObject = 63FD9177241D03FA001B7A48 /* Project object */;
}
